{
  "version": 4,
  "terraform_version": "1.7.2",
  "serial": 506,
  "lineage": "97676a7f-98bc-778d-c234-aa31b52551f7",
  "outputs": {
    "all_vpcs": {
      "value": [
        "vpc-0cfbb515347532a49",
        "vpc-070164d1aa3035ec9"
      ],
      "type": [
        "list",
        "string"
      ]
    },
    "available_vpcs": {
      "value": [
        "vpc-0cfbb515347532a49",
        "vpc-070164d1aa3035ec9"
      ],
      "type": [
        "list",
        "string"
      ]
    },
    "default_instance_tenant": {
      "value": "default",
      "type": "string"
    },
    "default_vpc_arn": {
      "value": "arn:aws:ec2:us-east-1:478332897299:vpc/vpc-0cfbb515347532a49",
      "type": "string"
    },
    "default_vpc_cidr": {
      "value": "172.31.0.0/16",
      "type": "string"
    },
    "default_vpc_id": {
      "value": "vpc-0cfbb515347532a49",
      "type": "string"
    }
  },
  "resources": [
    {
      "mode": "data",
      "type": "aws_region",
      "name": "current",
      "provider": "provider[\"registry.terraform.io/hashicorp/aws\"]",
      "instances": [
        {
          "schema_version": 0,
          "attributes": {
            "description": "US East (N. Virginia)",
            "endpoint": "ec2.us-east-1.amazonaws.com",
            "id": "us-east-1",
            "name": "us-east-1"
          },
          "sensitive_attributes": []
        }
      ]
    },
    {
      "mode": "data",
      "type": "aws_sqs_queue",
      "name": "test_queue",
      "provider": "provider[\"registry.terraform.io/hashicorp/aws\"]",
      "instances": [
        {
          "schema_version": 0,
          "attributes": {
            "arn": "arn:aws:sqs:us-east-1:478332897299:test-queue",
            "id": "https://sqs.us-east-1.amazonaws.com/478332897299/test-queue",
            "name": "test-queue",
            "tags": {
              "Name": "test-queue",
              "Owner": "awst",
              "Usage": "SQS"
            },
            "url": "https://sqs.us-east-1.amazonaws.com/478332897299/test-queue"
          },
          "sensitive_attributes": []
        }
      ]
    },
    {
      "mode": "data",
      "type": "aws_subnets",
      "name": "private_subnets",
      "provider": "provider[\"registry.terraform.io/hashicorp/aws\"]",
      "instances": [
        {
          "schema_version": 0,
          "attributes": {
            "filter": [
              {
                "name": "tag:Tier",
                "values": [
                  "Private"
                ]
              },
              {
                "name": "vpc-id",
                "values": [
                  "vpc-070164d1aa3035ec9"
                ]
              }
            ],
            "id": "us-east-1",
            "ids": [
              "subnet-033c9a6ca1b8772c7",
              "subnet-0ffd37fbc7339a050",
              "subnet-00ccd1ff4c56db021"
            ],
            "tags": null,
            "timeouts": null
          },
          "sensitive_attributes": []
        }
      ]
    },
    {
      "mode": "data",
      "type": "aws_vpcs",
      "name": "all",
      "provider": "provider[\"registry.terraform.io/hashicorp/aws\"]",
      "instances": [
        {
          "schema_version": 0,
          "attributes": {
            "filter": null,
            "id": "us-east-1",
            "ids": [
              "vpc-0cfbb515347532a49",
              "vpc-070164d1aa3035ec9"
            ],
            "tags": null,
            "timeouts": null
          },
          "sensitive_attributes": []
        }
      ]
    },
    {
      "mode": "data",
      "type": "aws_vpcs",
      "name": "available",
      "provider": "provider[\"registry.terraform.io/hashicorp/aws\"]",
      "instances": [
        {
          "schema_version": 0,
          "attributes": {
            "filter": [
              {
                "name": "state",
                "values": [
                  "available"
                ]
              }
            ],
            "id": "us-east-1",
            "ids": [
              "vpc-0cfbb515347532a49",
              "vpc-070164d1aa3035ec9"
            ],
            "tags": null,
            "timeouts": null
          },
          "sensitive_attributes": []
        }
      ]
    },
    {
      "mode": "data",
      "type": "aws_vpcs",
      "name": "main_vpc",
      "provider": "provider[\"registry.terraform.io/hashicorp/aws\"]",
      "instances": [
        {
          "schema_version": 0,
          "attributes": {
            "filter": [
              {
                "name": "tag:Name",
                "values": [
                  "us-east-1-main_vpc"
                ]
              }
            ],
            "id": "us-east-1",
            "ids": [
              "vpc-070164d1aa3035ec9"
            ],
            "tags": null,
            "timeouts": null
          },
          "sensitive_attributes": []
        }
      ]
    },
    {
      "mode": "managed",
      "type": "aws_default_vpc",
      "name": "default",
      "provider": "provider[\"registry.terraform.io/hashicorp/aws\"]",
      "instances": [
        {
          "schema_version": 1,
          "attributes": {
            "arn": "arn:aws:ec2:us-east-1:478332897299:vpc/vpc-0cfbb515347532a49",
            "assign_generated_ipv6_cidr_block": false,
            "cidr_block": "172.31.0.0/16",
            "default_network_acl_id": "acl-04a53980bba3f9580",
            "default_route_table_id": "rtb-0e70fb6669b3cefbf",
            "default_security_group_id": "sg-01c55e252667de38a",
            "dhcp_options_id": "dopt-08afd5376a36b3bd2",
            "enable_dns_hostnames": true,
            "enable_dns_support": true,
            "enable_network_address_usage_metrics": false,
            "existing_default_vpc": true,
            "force_destroy": false,
            "id": "vpc-0cfbb515347532a49",
            "instance_tenancy": "default",
            "ipv6_association_id": "",
            "ipv6_cidr_block": "",
            "ipv6_cidr_block_network_border_group": "",
            "ipv6_ipam_pool_id": "",
            "ipv6_netmask_length": 0,
            "main_route_table_id": "rtb-0e70fb6669b3cefbf",
            "owner_id": "478332897299",
            "tags": {},
            "tags_all": {}
          },
          "sensitive_attributes": [],
          "private": "eyJzY2hlbWFfdmVyc2lvbiI6IjEifQ=="
        }
      ]
    },
    {
      "mode": "managed",
      "type": "random_pet",
      "name": "s3_bucket_name",
      "provider": "provider[\"registry.terraform.io/hashicorp/random\"]",
      "instances": [
        {
          "schema_version": 0,
          "attributes": {
            "id": "template-s3-bucket-pleasantly-adequately-cheaply-gradually-complete-thrush",
            "keepers": null,
            "length": 6,
            "prefix": "template-s3-bucket",
            "separator": "-"
          },
          "sensitive_attributes": []
        }
      ]
    },
    {
      "module": "module.ec2",
      "mode": "data",
      "type": "aws_ami",
      "name": "amazon_linux_2024_x86_64",
      "provider": "provider[\"registry.terraform.io/hashicorp/aws\"]",
      "instances": [
        {
          "schema_version": 0,
          "attributes": {
            "architecture": "x86_64",
            "arn": "arn:aws:ec2:us-east-1::image/ami-0cf10cdf9fcd62d37",
            "block_device_mappings": [
              {
                "device_name": "/dev/xvda",
                "ebs": {
                  "delete_on_termination": "true",
                  "encrypted": "false",
                  "iops": "0",
                  "snapshot_id": "snap-029ddfb9a4fc0473e",
                  "throughput": "0",
                  "volume_size": "8",
                  "volume_type": "gp2"
                },
                "no_device": "",
                "virtual_name": ""
              }
            ],
            "boot_mode": "",
            "creation_date": "2024-01-26T19:22:39.000Z",
            "deprecation_time": "2025-07-01T00:00:00.000Z",
            "description": "Amazon Linux 2 Kernel 5.10 AMI 2.0.20240131.0 x86_64 HVM gp2",
            "ena_support": true,
            "executable_users": null,
            "filter": [
              {
                "name": "name",
                "values": [
                  "amzn2-ami-kernel-5.10-hvm-2.0.20240131.0-x86_64-gp2"
                ]
              },
              {
                "name": "root-device-type",
                "values": [
                  "ebs"
                ]
              },
              {
                "name": "virtualization-type",
                "values": [
                  "hvm"
                ]
              }
            ],
            "hypervisor": "xen",
            "id": "ami-0cf10cdf9fcd62d37",
            "image_id": "ami-0cf10cdf9fcd62d37",
            "image_location": "amazon/amzn2-ami-kernel-5.10-hvm-2.0.20240131.0-x86_64-gp2",
            "image_owner_alias": "amazon",
            "image_type": "machine",
            "imds_support": "",
            "include_deprecated": false,
            "kernel_id": "",
            "most_recent": true,
            "name": "amzn2-ami-kernel-5.10-hvm-2.0.20240131.0-x86_64-gp2",
            "name_regex": null,
            "owner_id": "137112412989",
            "owners": [
              "amazon"
            ],
            "platform": "",
            "platform_details": "Linux/UNIX",
            "product_codes": [],
            "public": true,
            "ramdisk_id": "",
            "root_device_name": "/dev/xvda",
            "root_device_type": "ebs",
            "root_snapshot_id": "snap-029ddfb9a4fc0473e",
            "sriov_net_support": "simple",
            "state": "available",
            "state_reason": {
              "code": "UNSET",
              "message": "UNSET"
            },
            "tags": {},
            "timeouts": null,
            "tpm_support": "",
            "usage_operation": "RunInstances",
            "virtualization_type": "hvm"
          },
          "sensitive_attributes": []
        }
      ]
    },
    {
      "module": "module.ec2",
      "mode": "data",
      "type": "aws_ami",
      "name": "redhat_9_3_0_x86_64",
      "provider": "provider[\"registry.terraform.io/hashicorp/aws\"]",
      "instances": [
        {
          "schema_version": 0,
          "attributes": {
            "architecture": "x86_64",
            "arn": "arn:aws:ec2:us-east-1::image/ami-0fe630eb857a6ec83",
            "block_device_mappings": [
              {
                "device_name": "/dev/sda1",
                "ebs": {
                  "delete_on_termination": "true",
                  "encrypted": "false",
                  "iops": "0",
                  "snapshot_id": "snap-0870a4504cd86ba12",
                  "throughput": "0",
                  "volume_size": "10",
                  "volume_type": "gp3"
                },
                "no_device": "",
                "virtual_name": ""
              }
            ],
            "boot_mode": "uefi-preferred",
            "creation_date": "2024-01-24T00:57:02.000Z",
            "deprecation_time": "2026-01-24T00:57:02.000Z",
            "description": "Provided by Red Hat, Inc.",
            "ena_support": true,
            "executable_users": null,
            "filter": [
              {
                "name": "name",
                "values": [
                  "RHEL-9.3.0_HVM-20240117-x86_64-49-Hourly2-GP3"
                ]
              },
              {
                "name": "root-device-type",
                "values": [
                  "ebs"
                ]
              },
              {
                "name": "virtualization-type",
                "values": [
                  "hvm"
                ]
              }
            ],
            "hypervisor": "xen",
            "id": "ami-0fe630eb857a6ec83",
            "image_id": "ami-0fe630eb857a6ec83",
            "image_location": "amazon/RHEL-9.3.0_HVM-20240117-x86_64-49-Hourly2-GP3",
            "image_owner_alias": "amazon",
            "image_type": "machine",
            "imds_support": "",
            "include_deprecated": false,
            "kernel_id": "",
            "most_recent": true,
            "name": "RHEL-9.3.0_HVM-20240117-x86_64-49-Hourly2-GP3",
            "name_regex": null,
            "owner_id": "309956199498",
            "owners": [
              "amazon"
            ],
            "platform": "",
            "platform_details": "Red Hat Enterprise Linux",
            "product_codes": [],
            "public": true,
            "ramdisk_id": "",
            "root_device_name": "/dev/sda1",
            "root_device_type": "ebs",
            "root_snapshot_id": "snap-0870a4504cd86ba12",
            "sriov_net_support": "simple",
            "state": "available",
            "state_reason": {
              "code": "UNSET",
              "message": "UNSET"
            },
            "tags": {},
            "timeouts": null,
            "tpm_support": "",
            "usage_operation": "RunInstances:0010",
            "virtualization_type": "hvm"
          },
          "sensitive_attributes": []
        }
      ]
    },
    {
      "module": "module.ec2",
      "mode": "data",
      "type": "aws_ami",
      "name": "ubuntu_22_04_amd64",
      "provider": "provider[\"registry.terraform.io/hashicorp/aws\"]",
      "instances": [
        {
          "schema_version": 0,
          "attributes": {
            "architecture": "x86_64",
            "arn": "arn:aws:ec2:us-east-1::image/ami-0c7217cdde317cfec",
            "block_device_mappings": [
              {
                "device_name": "/dev/sda1",
                "ebs": {
                  "delete_on_termination": "true",
                  "encrypted": "false",
                  "iops": "0",
                  "snapshot_id": "snap-091ad9e7cd4cb0736",
                  "throughput": "0",
                  "volume_size": "8",
                  "volume_type": "gp2"
                },
                "no_device": "",
                "virtual_name": ""
              },
              {
                "device_name": "/dev/sdb",
                "ebs": {},
                "no_device": "",
                "virtual_name": "ephemeral0"
              },
              {
                "device_name": "/dev/sdc",
                "ebs": {},
                "no_device": "",
                "virtual_name": "ephemeral1"
              }
            ],
            "boot_mode": "legacy-bios",
            "creation_date": "2023-12-07T03:27:12.000Z",
            "deprecation_time": "2025-12-07T03:27:12.000Z",
            "description": "Canonical, Ubuntu, 22.04 LTS, amd64 jammy image build on 2023-12-07",
            "ena_support": true,
            "executable_users": null,
            "filter": [
              {
                "name": "name",
                "values": [
                  "ubuntu/images/hvm-ssd/ubuntu-jammy-22.04-amd64-server-20231207"
                ]
              },
              {
                "name": "root-device-type",
                "values": [
                  "ebs"
                ]
              },
              {
                "name": "virtualization-type",
                "values": [
                  "hvm"
                ]
              }
            ],
            "hypervisor": "xen",
            "id": "ami-0c7217cdde317cfec",
            "image_id": "ami-0c7217cdde317cfec",
            "image_location": "amazon/ubuntu/images/hvm-ssd/ubuntu-jammy-22.04-amd64-server-20231207",
            "image_owner_alias": "amazon",
            "image_type": "machine",
            "imds_support": "",
            "include_deprecated": false,
            "kernel_id": "",
            "most_recent": true,
            "name": "ubuntu/images/hvm-ssd/ubuntu-jammy-22.04-amd64-server-20231207",
            "name_regex": null,
            "owner_id": "099720109477",
            "owners": [
              "amazon"
            ],
            "platform": "",
            "platform_details": "Linux/UNIX",
            "product_codes": [],
            "public": true,
            "ramdisk_id": "",
            "root_device_name": "/dev/sda1",
            "root_device_type": "ebs",
            "root_snapshot_id": "snap-091ad9e7cd4cb0736",
            "sriov_net_support": "simple",
            "state": "available",
            "state_reason": {
              "code": "UNSET",
              "message": "UNSET"
            },
            "tags": {},
            "timeouts": null,
            "tpm_support": "",
            "usage_operation": "RunInstances",
            "virtualization_type": "hvm"
          },
          "sensitive_attributes": []
        }
      ]
    },
    {
      "module": "module.ec2",
      "mode": "data",
      "type": "aws_subnets",
      "name": "private_subnets",
      "provider": "provider[\"registry.terraform.io/hashicorp/aws\"]",
      "instances": [
        {
          "schema_version": 0,
          "attributes": {
            "filter": [
              {
                "name": "tag:Tier",
                "values": [
                  "Private"
                ]
              },
              {
                "name": "vpc-id",
                "values": [
                  "vpc-070164d1aa3035ec9"
                ]
              }
            ],
            "id": "us-east-1",
            "ids": [
              "subnet-033c9a6ca1b8772c7",
              "subnet-0ffd37fbc7339a050",
              "subnet-00ccd1ff4c56db021"
            ],
            "tags": null,
            "timeouts": null
          },
          "sensitive_attributes": []
        }
      ]
    },
    {
      "module": "module.ec2",
      "mode": "data",
      "type": "aws_vpc",
      "name": "target",
      "provider": "provider[\"registry.terraform.io/hashicorp/aws\"]",
      "instances": [
        {
          "schema_version": 0,
          "attributes": {
            "arn": "arn:aws:ec2:us-east-1:478332897299:vpc/vpc-070164d1aa3035ec9",
            "cidr_block": "10.0.0.0/16",
            "cidr_block_associations": [
              {
                "association_id": "vpc-cidr-assoc-0ef430950e05ccedd",
                "cidr_block": "10.0.0.0/16",
                "state": "associated"
              }
            ],
            "default": false,
            "dhcp_options_id": "dopt-08afd5376a36b3bd2",
            "enable_dns_hostnames": true,
            "enable_dns_support": true,
            "enable_network_address_usage_metrics": false,
            "filter": null,
            "id": "vpc-070164d1aa3035ec9",
            "instance_tenancy": "default",
            "ipv6_association_id": "",
            "ipv6_cidr_block": "",
            "main_route_table_id": "rtb-0abcb347255d99530",
            "owner_id": "478332897299",
            "state": null,
            "tags": {
              "Name": "us-east-1-main_vpc",
              "Owner": "awst",
              "Usage": "VPC"
            },
            "timeouts": null
          },
          "sensitive_attributes": []
        }
      ]
    },
    {
      "module": "module.ec2",
      "mode": "managed",
      "type": "aws_ec2_instance_connect_endpoint",
      "name": "this_endpoint",
      "provider": "provider[\"registry.terraform.io/hashicorp/aws\"]",
      "instances": [
        {
          "index_key": 0,
          "schema_version": 0,
          "attributes": {
            "arn": "arn:aws:ec2:us-east-1:478332897299:instance-connect-endpoint/eice-0c6341f9dd02547d3",
            "availability_zone": "us-east-1c",
            "dns_name": "eice-0c6341f9dd02547d3.bf5df978.ec2-instance-connect-endpoint.us-east-1.amazonaws.com",
            "fips_dns_name": "eice-0c6341f9dd02547d3.bf5df978.fips.ec2-instance-connect-endpoint.us-east-1.amazonaws.com",
            "id": "eice-0c6341f9dd02547d3",
            "network_interface_ids": [
              "eni-08d189d262337654d"
            ],
            "owner_id": "478332897299",
            "preserve_client_ip": true,
            "security_group_ids": [
              "sg-0da4c766e6652ccfb"
            ],
            "subnet_id": "subnet-033c9a6ca1b8772c7",
            "tags": {
              "Usage": "EC2"
            },
            "tags_all": {
              "Usage": "EC2"
            },
            "timeouts": null,
            "vpc_id": "vpc-070164d1aa3035ec9"
          },
          "sensitive_attributes": [],
          "dependencies": [
            "data.aws_vpcs.main_vpc",
            "module.ec2.aws_security_group.endpoint_sg",
            "module.ec2.data.aws_subnets.private_subnets"
          ]
        }
      ]
    },
    {
      "module": "module.ec2",
      "mode": "managed",
      "type": "aws_instance",
      "name": "this",
      "provider": "provider[\"registry.terraform.io/hashicorp/aws\"]",
      "instances": [
        {
          "index_key": 0,
          "schema_version": 1,
          "attributes": {
            "ami": "ami-0cf10cdf9fcd62d37",
            "arn": "arn:aws:ec2:us-east-1:478332897299:instance/i-0f493defb84d5d009",
            "associate_public_ip_address": false,
            "availability_zone": "us-east-1c",
            "capacity_reservation_specification": [
              {
                "capacity_reservation_preference": "open",
                "capacity_reservation_target": []
              }
            ],
            "cpu_core_count": 1,
            "cpu_options": [
              {
                "amd_sev_snp": "",
                "core_count": 1,
                "threads_per_core": 1
              }
            ],
            "cpu_threads_per_core": 1,
            "credit_specification": [
              {
                "cpu_credits": "standard"
              }
            ],
            "disable_api_stop": false,
            "disable_api_termination": false,
            "ebs_block_device": [
              {
                "delete_on_termination": true,
                "device_name": "/dev/sdf",
                "encrypted": false,
                "iops": 3000,
                "kms_key_id": "",
                "snapshot_id": "",
                "tags": {},
                "throughput": 125,
                "volume_id": "vol-0cf83b20c8dc338cb",
                "volume_size": 10,
                "volume_type": "gp3"
              }
            ],
            "ebs_optimized": false,
            "enclave_options": [
              {
                "enabled": false
              }
            ],
            "ephemeral_block_device": [],
            "get_password_data": false,
            "hibernation": false,
            "host_id": "",
            "host_resource_group_arn": null,
            "iam_instance_profile": "",
            "id": "i-0f493defb84d5d009",
            "instance_initiated_shutdown_behavior": "terminate",
            "instance_lifecycle": "",
            "instance_market_options": [],
            "instance_state": "running",
            "instance_type": "t2.micro",
            "ipv6_address_count": 0,
            "ipv6_addresses": [],
            "key_name": "",
            "launch_template": [],
            "maintenance_options": [
              {
                "auto_recovery": "default"
              }
            ],
            "metadata_options": [
              {
                "http_endpoint": "enabled",
                "http_protocol_ipv6": "disabled",
                "http_put_response_hop_limit": 1,
                "http_tokens": "optional",
                "instance_metadata_tags": "disabled"
              }
            ],
            "monitoring": false,
            "network_interface": [],
            "outpost_arn": "",
            "password_data": "",
            "placement_group": "",
            "placement_partition_number": 0,
            "primary_network_interface_id": "eni-0648e56fe4bf00305",
            "private_dns": "ip-10-0-203-205.ec2.internal",
            "private_dns_name_options": [
              {
                "enable_resource_name_dns_a_record": false,
                "enable_resource_name_dns_aaaa_record": false,
                "hostname_type": "ip-name"
              }
            ],
            "private_ip": "10.0.203.205",
            "public_dns": "",
            "public_ip": "",
            "root_block_device": [
              {
                "delete_on_termination": true,
                "device_name": "/dev/xvda",
                "encrypted": false,
                "iops": 100,
                "kms_key_id": "",
                "tags": {},
                "throughput": 0,
                "volume_id": "vol-0a83b7c43d8e45f40",
                "volume_size": 8,
                "volume_type": "gp2"
              }
            ],
            "secondary_private_ips": [],
            "security_groups": [],
            "source_dest_check": true,
            "spot_instance_request_id": "",
            "subnet_id": "subnet-033c9a6ca1b8772c7",
            "tags": {
              "Usage": "EC2"
            },
            "tags_all": {
              "Usage": "EC2"
            },
            "tenancy": "default",
            "timeouts": null,
            "user_data": null,
            "user_data_base64": null,
            "user_data_replace_on_change": false,
            "volume_tags": null,
            "vpc_security_group_ids": [
              "sg-0e36f2fd246d1fee0"
            ]
          },
          "sensitive_attributes": [],
          "private": "eyJlMmJmYjczMC1lY2FhLTExZTYtOGY4OC0zNDM2M2JjN2M0YzAiOnsiY3JlYXRlIjo2MDAwMDAwMDAwMDAsImRlbGV0ZSI6MTIwMDAwMDAwMDAwMCwidXBkYXRlIjo2MDAwMDAwMDAwMDB9LCJzY2hlbWFfdmVyc2lvbiI6IjEifQ==",
          "dependencies": [
            "data.aws_vpcs.main_vpc",
            "module.ec2.aws_security_group.endpoint_sg",
            "module.ec2.aws_security_group.this",
            "module.ec2.data.aws_ami.amazon_linux_2024_x86_64",
            "module.ec2.data.aws_subnets.private_subnets",
            "module.ec2.data.aws_vpc.target"
          ]
        }
      ]
    },
    {
      "module": "module.ec2",
      "mode": "managed",
      "type": "aws_security_group",
      "name": "endpoint_sg",
      "provider": "provider[\"registry.terraform.io/hashicorp/aws\"]",
      "instances": [
        {
          "index_key": 0,
          "schema_version": 1,
          "attributes": {
            "arn": "arn:aws:ec2:us-east-1:478332897299:security-group/sg-0da4c766e6652ccfb",
            "description": "Managed by Terraform",
            "egress": [
              {
                "cidr_blocks": [
                  "0.0.0.0/0"
                ],
                "description": "",
                "from_port": 22,
                "ipv6_cidr_blocks": [
                  "::/0"
                ],
                "prefix_list_ids": [],
                "protocol": "tcp",
                "security_groups": [],
                "self": false,
                "to_port": 22
              }
            ],
            "id": "sg-0da4c766e6652ccfb",
            "ingress": [
              {
                "cidr_blocks": [
                  "0.0.0.0/0"
                ],
                "description": "",
                "from_port": 22,
                "ipv6_cidr_blocks": [
                  "::/0"
                ],
                "prefix_list_ids": [],
                "protocol": "tcp",
                "security_groups": [],
                "self": false,
                "to_port": 22
              }
            ],
            "name": "vpc-070164d1aa3035ec9-connect-endpoint-sg",
            "name_prefix": "",
            "owner_id": "478332897299",
            "revoke_rules_on_delete": false,
            "tags": {
              "Usage": "EC2"
            },
            "tags_all": {
              "Usage": "EC2"
            },
            "timeouts": null,
            "vpc_id": "vpc-070164d1aa3035ec9"
          },
          "sensitive_attributes": [],
          "private": "eyJlMmJmYjczMC1lY2FhLTExZTYtOGY4OC0zNDM2M2JjN2M0YzAiOnsiY3JlYXRlIjo2MDAwMDAwMDAwMDAsImRlbGV0ZSI6OTAwMDAwMDAwMDAwfSwic2NoZW1hX3ZlcnNpb24iOiIxIn0=",
          "dependencies": [
            "data.aws_vpcs.main_vpc"
          ]
        }
      ]
    },
    {
      "module": "module.ec2",
      "mode": "managed",
      "type": "aws_security_group",
      "name": "this",
      "provider": "provider[\"registry.terraform.io/hashicorp/aws\"]",
      "instances": [
        {
          "schema_version": 1,
          "attributes": {
            "arn": "arn:aws:ec2:us-east-1:478332897299:security-group/sg-0e36f2fd246d1fee0",
            "description": "Managed by Terraform",
            "egress": [
              {
                "cidr_blocks": [
                  "0.0.0.0/0"
                ],
                "description": "",
                "from_port": 0,
                "ipv6_cidr_blocks": [],
                "prefix_list_ids": [],
                "protocol": "-1",
                "security_groups": [],
                "self": false,
                "to_port": 0
              }
            ],
            "id": "sg-0e36f2fd246d1fee0",
            "ingress": [
              {
                "cidr_blocks": [
                  "10.0.0.0/16"
                ],
                "description": "",
                "from_port": 8000,
                "ipv6_cidr_blocks": [],
                "prefix_list_ids": [],
                "protocol": "tcp",
                "security_groups": [],
                "self": false,
                "to_port": 8999
              },
              {
                "cidr_blocks": [],
                "description": "",
                "from_port": 22,
                "ipv6_cidr_blocks": [],
                "prefix_list_ids": [],
                "protocol": "tcp",
                "security_groups": [
                  "sg-0da4c766e6652ccfb"
                ],
                "self": false,
                "to_port": 22
              }
            ],
            "name": "vpc-070164d1aa3035ec9-allow-ssh-sg",
            "name_prefix": "",
            "owner_id": "478332897299",
            "revoke_rules_on_delete": false,
            "tags": {
              "Usage": "EC2"
            },
            "tags_all": {
              "Usage": "EC2"
            },
            "timeouts": null,
            "vpc_id": "vpc-070164d1aa3035ec9"
          },
          "sensitive_attributes": [],
          "private": "eyJlMmJmYjczMC1lY2FhLTExZTYtOGY4OC0zNDM2M2JjN2M0YzAiOnsiY3JlYXRlIjo2MDAwMDAwMDAwMDAsImRlbGV0ZSI6OTAwMDAwMDAwMDAwfSwic2NoZW1hX3ZlcnNpb24iOiIxIn0=",
          "dependencies": [
            "data.aws_vpcs.main_vpc",
            "module.ec2.aws_security_group.endpoint_sg",
            "module.ec2.data.aws_vpc.target"
          ]
        }
      ]
    },
    {
      "module": "module.efs",
      "mode": "data",
      "type": "aws_subnets",
      "name": "private_subnets",
      "provider": "provider[\"registry.terraform.io/hashicorp/aws\"]",
      "instances": [
        {
          "schema_version": 0,
          "attributes": {
            "filter": [
              {
                "name": "tag:Tier",
                "values": [
                  "Private"
                ]
              },
              {
                "name": "vpc-id",
                "values": [
                  "vpc-070164d1aa3035ec9"
                ]
              }
            ],
            "id": "us-east-1",
            "ids": [
              "subnet-033c9a6ca1b8772c7",
              "subnet-0ffd37fbc7339a050",
              "subnet-00ccd1ff4c56db021"
            ],
            "tags": null,
            "timeouts": null
          },
          "sensitive_attributes": []
        }
      ]
    },
    {
      "module": "module.efs",
      "mode": "data",
      "type": "aws_vpc",
      "name": "target",
      "provider": "provider[\"registry.terraform.io/hashicorp/aws\"]",
      "instances": [
        {
          "schema_version": 0,
          "attributes": {
            "arn": "arn:aws:ec2:us-east-1:478332897299:vpc/vpc-070164d1aa3035ec9",
            "cidr_block": "10.0.0.0/16",
            "cidr_block_associations": [
              {
                "association_id": "vpc-cidr-assoc-0ef430950e05ccedd",
                "cidr_block": "10.0.0.0/16",
                "state": "associated"
              }
            ],
            "default": false,
            "dhcp_options_id": "dopt-08afd5376a36b3bd2",
            "enable_dns_hostnames": true,
            "enable_dns_support": true,
            "enable_network_address_usage_metrics": false,
            "filter": null,
            "id": "vpc-070164d1aa3035ec9",
            "instance_tenancy": "default",
            "ipv6_association_id": "",
            "ipv6_cidr_block": "",
            "main_route_table_id": "rtb-0abcb347255d99530",
            "owner_id": "478332897299",
            "state": null,
            "tags": {
              "Name": "us-east-1-main_vpc",
              "Owner": "awst",
              "Usage": "VPC"
            },
            "timeouts": null
          },
          "sensitive_attributes": []
        }
      ]
    },
    {
      "module": "module.efs",
      "mode": "managed",
      "type": "aws_efs_access_point",
      "name": "this",
      "provider": "provider[\"registry.terraform.io/hashicorp/aws\"]",
      "instances": [
        {
          "schema_version": 0,
          "attributes": {
            "arn": "arn:aws:elasticfilesystem:us-east-1:478332897299:access-point/fsap-014a38053eaf33f0d",
            "file_system_arn": "arn:aws:elasticfilesystem:us-east-1:478332897299:file-system/fs-00b5fbac4479cb78f",
            "file_system_id": "fs-00b5fbac4479cb78f",
            "id": "fsap-014a38053eaf33f0d",
            "owner_id": "478332897299",
            "posix_user": [
              {
                "gid": 0,
                "secondary_gids": [],
                "uid": 0
              }
            ],
            "root_directory": [
              {
                "creation_info": [
                  {
                    "owner_gid": 0,
                    "owner_uid": 0,
                    "permissions": "750"
                  }
                ],
                "path": "/"
              }
            ],
            "tags": {},
            "tags_all": {}
          },
          "sensitive_attributes": [],
          "private": "bnVsbA==",
          "dependencies": [
            "module.efs.aws_efs_file_system.this"
          ]
        }
      ]
    },
    {
      "module": "module.efs",
      "mode": "managed",
      "type": "aws_efs_backup_policy",
      "name": "this",
      "provider": "provider[\"registry.terraform.io/hashicorp/aws\"]",
      "instances": [
        {
          "schema_version": 0,
          "attributes": {
            "backup_policy": [
              {
                "status": "DISABLED"
              }
            ],
            "file_system_id": "fs-00b5fbac4479cb78f",
            "id": "fs-00b5fbac4479cb78f"
          },
          "sensitive_attributes": [],
          "private": "bnVsbA==",
          "dependencies": [
            "module.efs.aws_efs_file_system.this"
          ]
        }
      ]
    },
    {
      "module": "module.efs",
      "mode": "managed",
      "type": "aws_efs_file_system",
      "name": "this",
      "provider": "provider[\"registry.terraform.io/hashicorp/aws\"]",
      "instances": [
        {
          "schema_version": 0,
          "attributes": {
            "arn": "arn:aws:elasticfilesystem:us-east-1:478332897299:file-system/fs-00b5fbac4479cb78f",
            "availability_zone_id": "",
            "availability_zone_name": "",
            "creation_token": "terraform-20240217053844657100000001",
            "dns_name": "fs-00b5fbac4479cb78f.efs.us-east-1.amazonaws.com",
            "encrypted": false,
            "id": "fs-00b5fbac4479cb78f",
            "kms_key_id": "",
            "lifecycle_policy": [
              {
                "transition_to_ia": "AFTER_30_DAYS",
                "transition_to_primary_storage_class": ""
              }
            ],
            "name": "test-efs",
            "number_of_mount_targets": 3,
            "owner_id": "478332897299",
            "performance_mode": "generalPurpose",
            "provisioned_throughput_in_mibps": 0,
            "size_in_bytes": [
              {
                "value": 6144,
                "value_in_ia": 0,
                "value_in_standard": 6144
              }
            ],
            "tags": {
              "Name": "test-efs",
              "Usage": "EFS"
            },
            "tags_all": {
              "Name": "test-efs",
              "Usage": "EFS"
            },
            "throughput_mode": "bursting"
          },
          "sensitive_attributes": [],
          "private": "bnVsbA=="
        }
      ]
    },
    {
      "module": "module.efs",
      "mode": "managed",
      "type": "aws_efs_mount_target",
      "name": "targets",
      "provider": "provider[\"registry.terraform.io/hashicorp/aws\"]",
      "instances": [
        {
          "index_key": 0,
          "schema_version": 0,
          "attributes": {
            "availability_zone_id": "use1-az6",
            "availability_zone_name": "us-east-1c",
            "dns_name": "fs-00b5fbac4479cb78f.efs.us-east-1.amazonaws.com",
            "file_system_arn": "arn:aws:elasticfilesystem:us-east-1:478332897299:file-system/fs-00b5fbac4479cb78f",
            "file_system_id": "fs-00b5fbac4479cb78f",
            "id": "fsmt-0e7c57627600dbac6",
            "ip_address": "10.0.203.148",
            "mount_target_dns_name": "us-east-1c.fs-00b5fbac4479cb78f.efs.us-east-1.amazonaws.com",
            "network_interface_id": "eni-032a90fbbf6ecae01",
            "owner_id": "478332897299",
            "security_groups": [
              "sg-02c310178ec34cbe9"
            ],
            "subnet_id": "subnet-033c9a6ca1b8772c7",
            "timeouts": null
          },
          "sensitive_attributes": [],
          "private": "eyJlMmJmYjczMC1lY2FhLTExZTYtOGY4OC0zNDM2M2JjN2M0YzAiOnsiY3JlYXRlIjoxODAwMDAwMDAwMDAwLCJkZWxldGUiOjYwMDAwMDAwMDAwMH19",
          "dependencies": [
            "data.aws_vpcs.main_vpc",
            "module.efs.aws_efs_file_system.this",
            "module.efs.aws_security_group.access_in_vpc",
            "module.efs.data.aws_subnets.private_subnets",
            "module.efs.data.aws_vpc.target"
          ]
        },
        {
          "index_key": 1,
          "schema_version": 0,
          "attributes": {
            "availability_zone_id": "use1-az2",
            "availability_zone_name": "us-east-1a",
            "dns_name": "fs-00b5fbac4479cb78f.efs.us-east-1.amazonaws.com",
            "file_system_arn": "arn:aws:elasticfilesystem:us-east-1:478332897299:file-system/fs-00b5fbac4479cb78f",
            "file_system_id": "fs-00b5fbac4479cb78f",
            "id": "fsmt-07910028eee4d5bc2",
            "ip_address": "10.0.201.22",
            "mount_target_dns_name": "us-east-1a.fs-00b5fbac4479cb78f.efs.us-east-1.amazonaws.com",
            "network_interface_id": "eni-0a68285e22d5099cf",
            "owner_id": "478332897299",
            "security_groups": [
              "sg-02c310178ec34cbe9"
            ],
            "subnet_id": "subnet-0ffd37fbc7339a050",
            "timeouts": null
          },
          "sensitive_attributes": [],
          "private": "eyJlMmJmYjczMC1lY2FhLTExZTYtOGY4OC0zNDM2M2JjN2M0YzAiOnsiY3JlYXRlIjoxODAwMDAwMDAwMDAwLCJkZWxldGUiOjYwMDAwMDAwMDAwMH19",
          "dependencies": [
            "data.aws_vpcs.main_vpc",
            "module.efs.aws_efs_file_system.this",
            "module.efs.aws_security_group.access_in_vpc",
            "module.efs.data.aws_subnets.private_subnets",
            "module.efs.data.aws_vpc.target"
          ]
        },
        {
          "index_key": 2,
          "schema_version": 0,
          "attributes": {
            "availability_zone_id": "use1-az4",
            "availability_zone_name": "us-east-1b",
            "dns_name": "fs-00b5fbac4479cb78f.efs.us-east-1.amazonaws.com",
            "file_system_arn": "arn:aws:elasticfilesystem:us-east-1:478332897299:file-system/fs-00b5fbac4479cb78f",
            "file_system_id": "fs-00b5fbac4479cb78f",
            "id": "fsmt-0917d1ae13aef5c03",
            "ip_address": "10.0.202.45",
            "mount_target_dns_name": "us-east-1b.fs-00b5fbac4479cb78f.efs.us-east-1.amazonaws.com",
            "network_interface_id": "eni-0399e63622c20c904",
            "owner_id": "478332897299",
            "security_groups": [
              "sg-02c310178ec34cbe9"
            ],
            "subnet_id": "subnet-00ccd1ff4c56db021",
            "timeouts": null
          },
          "sensitive_attributes": [],
          "private": "eyJlMmJmYjczMC1lY2FhLTExZTYtOGY4OC0zNDM2M2JjN2M0YzAiOnsiY3JlYXRlIjoxODAwMDAwMDAwMDAwLCJkZWxldGUiOjYwMDAwMDAwMDAwMH19",
          "dependencies": [
            "data.aws_vpcs.main_vpc",
            "module.efs.aws_efs_file_system.this",
            "module.efs.aws_security_group.access_in_vpc",
            "module.efs.data.aws_subnets.private_subnets",
            "module.efs.data.aws_vpc.target"
          ]
        }
      ]
    },
    {
      "module": "module.efs",
      "mode": "managed",
      "type": "aws_security_group",
      "name": "access_in_vpc",
      "provider": "provider[\"registry.terraform.io/hashicorp/aws\"]",
      "instances": [
        {
          "schema_version": 1,
          "attributes": {
            "arn": "arn:aws:ec2:us-east-1:478332897299:security-group/sg-02c310178ec34cbe9",
            "description": "Managed by Terraform",
            "egress": [],
            "id": "sg-02c310178ec34cbe9",
            "ingress": [
              {
                "cidr_blocks": [
                  "10.0.0.0/16"
                ],
                "description": "",
                "from_port": 2049,
                "ipv6_cidr_blocks": [],
                "prefix_list_ids": [],
                "protocol": "tcp",
                "security_groups": [],
                "self": false,
                "to_port": 2049
              }
            ],
            "name": "efs-fs-00b5fbac4479cb78f-sg",
            "name_prefix": "",
            "owner_id": "478332897299",
            "revoke_rules_on_delete": false,
            "tags": {
              "Usage": "EFS"
            },
            "tags_all": {
              "Usage": "EFS"
            },
            "timeouts": null,
            "vpc_id": "vpc-070164d1aa3035ec9"
          },
          "sensitive_attributes": [],
          "private": "eyJlMmJmYjczMC1lY2FhLTExZTYtOGY4OC0zNDM2M2JjN2M0YzAiOnsiY3JlYXRlIjo2MDAwMDAwMDAwMDAsImRlbGV0ZSI6OTAwMDAwMDAwMDAwfSwic2NoZW1hX3ZlcnNpb24iOiIxIn0=",
          "dependencies": [
            "data.aws_vpcs.main_vpc",
            "module.efs.aws_efs_file_system.this",
            "module.efs.data.aws_vpc.target"
          ]
        }
      ]
    },
    {
      "module": "module.iam",
      "mode": "data",
      "type": "aws_iam_policy_document",
      "name": "assume_role",
      "provider": "provider[\"registry.terraform.io/hashicorp/aws\"]",
      "instances": [
        {
          "schema_version": 0,
          "attributes": {
            "id": "2699642182",
            "json": "{\n  \"Version\": \"2012-10-17\",\n  \"Statement\": [\n    {\n      \"Effect\": \"Allow\",\n      \"Action\": \"sts:AssumeRole\",\n      \"Principal\": {\n        \"Service\": \"apigateway.amazonaws.com\"\n      }\n    }\n  ]\n}",
            "override_policy_documents": null,
            "policy_id": null,
            "source_policy_documents": null,
            "statement": [
              {
                "actions": [
                  "sts:AssumeRole"
                ],
                "condition": [],
                "effect": "Allow",
                "not_actions": [],
                "not_principals": [],
                "not_resources": [],
                "principals": [
                  {
                    "identifiers": [
                      "apigateway.amazonaws.com"
                    ],
                    "type": "Service"
                  }
                ],
                "resources": [],
                "sid": ""
              }
            ],
            "version": "2012-10-17"
          },
          "sensitive_attributes": []
        }
      ]
    },
    {
      "module": "module.iam",
      "mode": "data",
      "type": "aws_iam_policy_document",
      "name": "cloudwatch",
      "provider": "provider[\"registry.terraform.io/hashicorp/aws\"]",
      "instances": [
        {
          "schema_version": 0,
          "attributes": {
            "id": "1005217238",
            "json": "{\n  \"Version\": \"2012-10-17\",\n  \"Statement\": [\n    {\n      \"Effect\": \"Allow\",\n      \"Action\": [\n        \"logs:PutLogEvents\",\n        \"logs:GetLogEvents\",\n        \"logs:FilterLogEvents\",\n        \"logs:DescribeLogStreams\",\n        \"logs:DescribeLogGroups\",\n        \"logs:CreateLogStream\",\n        \"logs:CreateLogGroup\"\n      ],\n      \"Resource\": \"*\"\n    }\n  ]\n}",
            "override_policy_documents": null,
            "policy_id": null,
            "source_policy_documents": null,
            "statement": [
              {
                "actions": [
                  "logs:CreateLogGroup",
                  "logs:CreateLogStream",
                  "logs:DescribeLogGroups",
                  "logs:DescribeLogStreams",
                  "logs:FilterLogEvents",
                  "logs:GetLogEvents",
                  "logs:PutLogEvents"
                ],
                "condition": [],
                "effect": "Allow",
                "not_actions": [],
                "not_principals": [],
                "not_resources": [],
                "principals": [],
                "resources": [
                  "*"
                ],
                "sid": ""
              }
            ],
            "version": "2012-10-17"
          },
          "sensitive_attributes": []
        }
      ]
    },
    {
      "module": "module.iam",
      "mode": "data",
      "type": "aws_iam_policy_document",
      "name": "exec_role_policy",
      "provider": "provider[\"registry.terraform.io/hashicorp/aws\"]",
      "instances": [
        {
          "schema_version": 0,
          "attributes": {
            "id": "1490639091",
            "json": "{\n  \"Version\": \"2012-10-17\",\n  \"Statement\": [\n    {\n      \"Sid\": \"LambdaExecutionRole\",\n      \"Effect\": \"Allow\",\n      \"Action\": \"sts:AssumeRole\",\n      \"Principal\": {\n        \"Service\": \"lambda.amazonaws.com\"\n      }\n    }\n  ]\n}",
            "override_policy_documents": null,
            "policy_id": null,
            "source_policy_documents": null,
            "statement": [
              {
                "actions": [
                  "sts:AssumeRole"
                ],
                "condition": [],
                "effect": "Allow",
                "not_actions": [],
                "not_principals": [],
                "not_resources": [],
                "principals": [
                  {
                    "identifiers": [
                      "lambda.amazonaws.com"
                    ],
                    "type": "Service"
                  }
                ],
                "resources": [],
                "sid": "LambdaExecutionRole"
              }
            ],
            "version": "2012-10-17"
          },
          "sensitive_attributes": []
        }
      ]
    },
    {
      "module": "module.iam",
      "mode": "managed",
      "type": "aws_iam_role",
      "name": "basic_lambda_exec_role",
      "provider": "provider[\"registry.terraform.io/hashicorp/aws\"]",
      "instances": [
        {
          "schema_version": 0,
          "attributes": {
            "arn": "arn:aws:iam::478332897299:role/BasicLambdaExecutionRole",
            "assume_role_policy": "{\"Statement\":[{\"Action\":\"sts:AssumeRole\",\"Effect\":\"Allow\",\"Principal\":{\"Service\":\"lambda.amazonaws.com\"},\"Sid\":\"LambdaExecutionRole\"}],\"Version\":\"2012-10-17\"}",
            "create_date": "2024-03-03T04:59:57Z",
            "description": "",
            "force_detach_policies": false,
            "id": "BasicLambdaExecutionRole",
            "inline_policy": [],
            "managed_policy_arns": [
              "arn:aws:iam::aws:policy/service-role/AWSLambdaBasicExecutionRole",
              "arn:aws:iam::aws:policy/service-role/AWSLambdaDynamoDBExecutionRole",
              "arn:aws:iam::aws:policy/service-role/AWSLambdaRole",
              "arn:aws:iam::aws:policy/service-role/AWSLambdaSQSQueueExecutionRole"
            ],
            "max_session_duration": 3600,
            "name": "BasicLambdaExecutionRole",
            "name_prefix": "",
            "path": "/",
            "permissions_boundary": "",
            "tags": {},
            "tags_all": {},
            "unique_id": "AROAW6XW4ZAJ7ZVAOI6MT"
          },
          "sensitive_attributes": [],
          "private": "bnVsbA==",
          "dependencies": [
            "module.iam.data.aws_iam_policy_document.exec_role_policy"
          ],
          "create_before_destroy": true
        }
      ]
    },
    {
      "module": "module.iam",
      "mode": "managed",
      "type": "aws_iam_role",
      "name": "cloudwatch_role",
      "provider": "provider[\"registry.terraform.io/hashicorp/aws\"]",
      "instances": [
        {
          "schema_version": 0,
          "attributes": {
            "arn": "arn:aws:iam::478332897299:role/CloudWatchRole",
            "assume_role_policy": "{\"Statement\":[{\"Action\":\"sts:AssumeRole\",\"Effect\":\"Allow\",\"Principal\":{\"Service\":\"apigateway.amazonaws.com\"}}],\"Version\":\"2012-10-17\"}",
            "create_date": "2024-03-03T12:24:52Z",
            "description": "",
            "force_detach_policies": false,
            "id": "CloudWatchRole",
            "inline_policy": [
              {
                "name": "default",
                "policy": "{\"Version\":\"2012-10-17\",\"Statement\":[{\"Action\":[\"logs:PutLogEvents\",\"logs:GetLogEvents\",\"logs:FilterLogEvents\",\"logs:DescribeLogStreams\",\"logs:DescribeLogGroups\",\"logs:CreateLogStream\",\"logs:CreateLogGroup\"],\"Effect\":\"Allow\",\"Resource\":\"*\"}]}"
              }
            ],
            "managed_policy_arns": [],
            "max_session_duration": 3600,
            "name": "CloudWatchRole",
            "name_prefix": "",
            "path": "/",
            "permissions_boundary": "",
            "tags": {},
            "tags_all": {},
            "unique_id": "AROAW6XW4ZAJ7XQVJTOQ7"
          },
          "sensitive_attributes": [],
          "private": "bnVsbA==",
          "dependencies": [
            "module.iam.data.aws_iam_policy_document.assume_role"
          ],
          "create_before_destroy": true
        }
      ]
    },
    {
      "module": "module.iam",
      "mode": "managed",
      "type": "aws_iam_role_policy",
      "name": "cloudwatch",
      "provider": "provider[\"registry.terraform.io/hashicorp/aws\"]",
      "instances": [
        {
          "schema_version": 0,
          "attributes": {
            "id": "CloudWatchRole:default",
            "name": "default",
            "name_prefix": "",
            "policy": "{\"Version\":\"2012-10-17\",\"Statement\":[{\"Action\":[\"logs:PutLogEvents\",\"logs:GetLogEvents\",\"logs:FilterLogEvents\",\"logs:DescribeLogStreams\",\"logs:DescribeLogGroups\",\"logs:CreateLogStream\",\"logs:CreateLogGroup\"],\"Effect\":\"Allow\",\"Resource\":\"*\"}]}",
            "role": "CloudWatchRole"
          },
          "sensitive_attributes": [],
          "private": "bnVsbA==",
          "dependencies": [
            "module.iam.aws_iam_role.cloudwatch_role",
            "module.iam.data.aws_iam_policy_document.assume_role",
            "module.iam.data.aws_iam_policy_document.cloudwatch"
          ],
          "create_before_destroy": true
        }
      ]
    },
    {
      "module": "module.iam",
      "mode": "managed",
      "type": "aws_iam_role_policy_attachment",
      "name": "dynamodb_read",
      "provider": "provider[\"registry.terraform.io/hashicorp/aws\"]",
      "instances": [
        {
          "index_key": 0,
          "schema_version": 0,
          "attributes": {
            "id": "BasicLambdaExecutionRole-20240303045959343300000003",
            "policy_arn": "arn:aws:iam::aws:policy/service-role/AWSLambdaDynamoDBExecutionRole",
            "role": "BasicLambdaExecutionRole"
          },
          "sensitive_attributes": [],
          "private": "bnVsbA==",
          "dependencies": [
            "module.iam.aws_iam_role.basic_lambda_exec_role",
            "module.iam.data.aws_iam_policy_document.exec_role_policy"
          ],
          "create_before_destroy": true
        }
      ]
    },
    {
      "module": "module.iam",
      "mode": "managed",
      "type": "aws_iam_role_policy_attachment",
      "name": "invoke_function",
      "provider": "provider[\"registry.terraform.io/hashicorp/aws\"]",
      "instances": [
        {
          "index_key": 0,
          "schema_version": 0,
          "attributes": {
            "id": "BasicLambdaExecutionRole-20240303045959064900000002",
            "policy_arn": "arn:aws:iam::aws:policy/service-role/AWSLambdaRole",
            "role": "BasicLambdaExecutionRole"
          },
          "sensitive_attributes": [],
          "private": "bnVsbA==",
          "dependencies": [
            "module.iam.aws_iam_role.basic_lambda_exec_role",
            "module.iam.data.aws_iam_policy_document.exec_role_policy"
          ],
          "create_before_destroy": true
        }
      ]
    },
    {
      "module": "module.iam",
      "mode": "managed",
      "type": "aws_iam_role_policy_attachment",
      "name": "lambda_policy",
      "provider": "provider[\"registry.terraform.io/hashicorp/aws\"]",
      "instances": [
        {
          "schema_version": 0,
          "attributes": {
            "id": "BasicLambdaExecutionRole-20240303045958787100000001",
            "policy_arn": "arn:aws:iam::aws:policy/service-role/AWSLambdaBasicExecutionRole",
            "role": "BasicLambdaExecutionRole"
          },
          "sensitive_attributes": [],
          "private": "bnVsbA==",
          "dependencies": [
            "module.iam.aws_iam_role.basic_lambda_exec_role",
            "module.iam.data.aws_iam_policy_document.exec_role_policy"
          ],
          "create_before_destroy": true
        }
      ]
    },
    {
      "module": "module.iam",
      "mode": "managed",
      "type": "aws_iam_role_policy_attachment",
      "name": "sqs_read",
      "provider": "provider[\"registry.terraform.io/hashicorp/aws\"]",
      "instances": [
        {
          "index_key": 0,
          "schema_version": 0,
          "attributes": {
            "id": "BasicLambdaExecutionRole-20240303045959475800000004",
            "policy_arn": "arn:aws:iam::aws:policy/service-role/AWSLambdaSQSQueueExecutionRole",
            "role": "BasicLambdaExecutionRole"
          },
          "sensitive_attributes": [],
          "private": "bnVsbA==",
          "dependencies": [
            "module.iam.aws_iam_role.basic_lambda_exec_role",
            "module.iam.data.aws_iam_policy_document.exec_role_policy"
          ],
          "create_before_destroy": true
        }
      ]
    },
    {
      "module": "module.main_vpc",
      "mode": "data",
      "type": "aws_availability_zones",
      "name": "available_zones",
      "provider": "provider[\"registry.terraform.io/hashicorp/aws\"]",
      "instances": [
        {
          "schema_version": 0,
          "attributes": {
            "all_availability_zones": null,
            "exclude_names": null,
            "exclude_zone_ids": null,
            "filter": [
              {
                "name": "opt-in-status",
                "values": [
                  "opt-in-not-required"
                ]
              }
            ],
            "group_names": [
              "us-east-1"
            ],
            "id": "us-east-1",
            "names": [
              "us-east-1a",
              "us-east-1b",
              "us-east-1c",
              "us-east-1d",
              "us-east-1e",
              "us-east-1f"
            ],
            "state": "available",
            "timeouts": null,
            "zone_ids": [
              "use1-az2",
              "use1-az4",
              "use1-az6",
              "use1-az1",
              "use1-az3",
              "use1-az5"
            ]
          },
          "sensitive_attributes": []
        }
      ]
    },
    {
      "module": "module.main_vpc",
      "mode": "managed",
      "type": "aws_internet_gateway",
      "name": "internet_gateway",
      "provider": "provider[\"registry.terraform.io/hashicorp/aws\"]",
      "instances": [
        {
          "index_key": 0,
          "schema_version": 0,
          "attributes": {
            "arn": "arn:aws:ec2:us-east-1:478332897299:internet-gateway/igw-0c08fed283e966f69",
            "id": "igw-0c08fed283e966f69",
            "owner_id": "478332897299",
            "tags": {
              "Name": "us-east-1-main_vpc-igw",
              "Owner": "awst",
              "OwnerVpc": "us-east-1-main_vpc",
              "Usage": "VPC"
            },
            "tags_all": {
              "Name": "us-east-1-main_vpc-igw",
              "Owner": "awst",
              "OwnerVpc": "us-east-1-main_vpc",
              "Usage": "VPC"
            },
            "timeouts": null,
            "vpc_id": "vpc-070164d1aa3035ec9"
          },
          "sensitive_attributes": [],
          "private": "eyJlMmJmYjczMC1lY2FhLTExZTYtOGY4OC0zNDM2M2JjN2M0YzAiOnsiY3JlYXRlIjoxMjAwMDAwMDAwMDAwLCJkZWxldGUiOjEyMDAwMDAwMDAwMDAsInVwZGF0ZSI6MTIwMDAwMDAwMDAwMH19",
          "dependencies": [
            "module.main_vpc.aws_vpc.this"
          ]
        }
      ]
    },
    {
      "module": "module.main_vpc",
      "mode": "managed",
      "type": "aws_network_acl",
      "name": "this_nacl",
      "provider": "provider[\"registry.terraform.io/hashicorp/aws\"]",
      "instances": [
        {
          "schema_version": 0,
          "attributes": {
            "arn": "arn:aws:ec2:us-east-1:478332897299:network-acl/acl-08bef9703f7902a5a",
            "egress": [
              {
                "action": "allow",
                "cidr_block": "0.0.0.0/0",
                "from_port": 0,
                "icmp_code": 0,
                "icmp_type": 0,
                "ipv6_cidr_block": "",
                "protocol": "-1",
                "rule_no": 100,
                "to_port": 0
              }
            ],
            "id": "acl-08bef9703f7902a5a",
            "ingress": [
              {
                "action": "allow",
                "cidr_block": "0.0.0.0/0",
                "from_port": 0,
                "icmp_code": 0,
                "icmp_type": 0,
                "ipv6_cidr_block": "",
                "protocol": "-1",
                "rule_no": 100,
                "to_port": 0
              }
            ],
            "owner_id": "478332897299",
            "subnet_ids": [
              "subnet-00ccd1ff4c56db021",
              "subnet-033c9a6ca1b8772c7",
              "subnet-045f165d4c45a1673",
              "subnet-0bd9a673dd6b7b607",
              "subnet-0e6b5dba395d26015",
              "subnet-0ffd37fbc7339a050"
            ],
            "tags": {
              "Name": "us-east-1-main_vpc-default-nacl",
              "Owner": "awst",
              "OwnerVpc": "us-east-1-main_vpc",
              "Usage": "VPC"
            },
            "tags_all": {
              "Name": "us-east-1-main_vpc-default-nacl",
              "Owner": "awst",
              "OwnerVpc": "us-east-1-main_vpc",
              "Usage": "VPC"
            },
            "vpc_id": "vpc-070164d1aa3035ec9"
          },
          "sensitive_attributes": [],
          "private": "bnVsbA==",
          "dependencies": [
            "module.main_vpc.aws_vpc.this"
          ]
        }
      ]
    },
    {
      "module": "module.main_vpc",
      "mode": "managed",
      "type": "aws_network_acl_association",
      "name": "acl_association_private_subnets",
      "provider": "provider[\"registry.terraform.io/hashicorp/aws\"]",
      "instances": [
        {
          "index_key": 0,
          "schema_version": 0,
          "attributes": {
            "id": "aclassoc-063f0c44d98921ed8",
            "network_acl_id": "acl-08bef9703f7902a5a",
            "subnet_id": "subnet-0ffd37fbc7339a050"
          },
          "sensitive_attributes": [],
          "private": "bnVsbA==",
          "dependencies": [
            "module.main_vpc.aws_network_acl.this_nacl",
            "module.main_vpc.aws_subnet.private_subnets",
            "module.main_vpc.aws_vpc.this",
            "module.main_vpc.data.aws_availability_zones.available_zones"
          ]
        },
        {
          "index_key": 1,
          "schema_version": 0,
          "attributes": {
            "id": "aclassoc-000e07a2370a09842",
            "network_acl_id": "acl-08bef9703f7902a5a",
            "subnet_id": "subnet-00ccd1ff4c56db021"
          },
          "sensitive_attributes": [],
          "private": "bnVsbA==",
          "dependencies": [
            "module.main_vpc.aws_network_acl.this_nacl",
            "module.main_vpc.aws_subnet.private_subnets",
            "module.main_vpc.aws_vpc.this",
            "module.main_vpc.data.aws_availability_zones.available_zones"
          ]
        },
        {
          "index_key": 2,
          "schema_version": 0,
          "attributes": {
            "id": "aclassoc-0666ce8d1f6590ba5",
            "network_acl_id": "acl-08bef9703f7902a5a",
            "subnet_id": "subnet-033c9a6ca1b8772c7"
          },
          "sensitive_attributes": [],
          "private": "bnVsbA==",
          "dependencies": [
            "module.main_vpc.aws_network_acl.this_nacl",
            "module.main_vpc.aws_subnet.private_subnets",
            "module.main_vpc.aws_vpc.this",
            "module.main_vpc.data.aws_availability_zones.available_zones"
          ]
        }
      ]
    },
    {
      "module": "module.main_vpc",
      "mode": "managed",
      "type": "aws_network_acl_association",
      "name": "acl_association_public_subnets",
      "provider": "provider[\"registry.terraform.io/hashicorp/aws\"]",
      "instances": [
        {
          "index_key": 0,
          "schema_version": 0,
          "attributes": {
            "id": "aclassoc-0c7b8f6e46d1db28e",
            "network_acl_id": "acl-08bef9703f7902a5a",
            "subnet_id": "subnet-0e6b5dba395d26015"
          },
          "sensitive_attributes": [],
          "private": "bnVsbA==",
          "dependencies": [
            "module.main_vpc.aws_network_acl.this_nacl",
            "module.main_vpc.aws_subnet.public_subnets",
            "module.main_vpc.aws_vpc.this",
            "module.main_vpc.data.aws_availability_zones.available_zones"
          ]
        },
        {
          "index_key": 1,
          "schema_version": 0,
          "attributes": {
            "id": "aclassoc-04aaec9206a2213bb",
            "network_acl_id": "acl-08bef9703f7902a5a",
            "subnet_id": "subnet-045f165d4c45a1673"
          },
          "sensitive_attributes": [],
          "private": "bnVsbA==",
          "dependencies": [
            "module.main_vpc.aws_network_acl.this_nacl",
            "module.main_vpc.aws_subnet.public_subnets",
            "module.main_vpc.aws_vpc.this",
            "module.main_vpc.data.aws_availability_zones.available_zones"
          ]
        },
        {
          "index_key": 2,
          "schema_version": 0,
          "attributes": {
            "id": "aclassoc-08c759ec909eb3b50",
            "network_acl_id": "acl-08bef9703f7902a5a",
            "subnet_id": "subnet-0bd9a673dd6b7b607"
          },
          "sensitive_attributes": [],
          "private": "bnVsbA==",
          "dependencies": [
            "module.main_vpc.aws_network_acl.this_nacl",
            "module.main_vpc.aws_subnet.public_subnets",
            "module.main_vpc.aws_vpc.this",
            "module.main_vpc.data.aws_availability_zones.available_zones"
          ]
        }
      ]
    },
    {
      "module": "module.main_vpc",
      "mode": "managed",
      "type": "aws_route_table",
      "name": "default_route_table",
      "provider": "provider[\"registry.terraform.io/hashicorp/aws\"]",
      "instances": [
        {
          "schema_version": 0,
          "attributes": {
            "arn": "arn:aws:ec2:us-east-1:478332897299:route-table/rtb-0b8d066542bf74f90",
            "id": "rtb-0b8d066542bf74f90",
            "owner_id": "478332897299",
            "propagating_vgws": [],
            "route": [
              {
                "carrier_gateway_id": "",
                "cidr_block": "10.0.0.0/16",
                "core_network_arn": "",
                "destination_prefix_list_id": "",
                "egress_only_gateway_id": "",
                "gateway_id": "local",
                "ipv6_cidr_block": "",
                "local_gateway_id": "",
                "nat_gateway_id": "",
                "network_interface_id": "",
                "transit_gateway_id": "",
                "vpc_endpoint_id": "",
                "vpc_peering_connection_id": ""
              }
            ],
            "tags": {
              "Name": "us-east-1-main_vpc-default-routetable",
              "Owner": "awst",
              "OwnerVpc": "us-east-1-main_vpc",
              "Usage": "VPC"
            },
            "tags_all": {
              "Name": "us-east-1-main_vpc-default-routetable",
              "Owner": "awst",
              "OwnerVpc": "us-east-1-main_vpc",
              "Usage": "VPC"
            },
            "timeouts": null,
            "vpc_id": "vpc-070164d1aa3035ec9"
          },
          "sensitive_attributes": [],
          "private": "eyJlMmJmYjczMC1lY2FhLTExZTYtOGY4OC0zNDM2M2JjN2M0YzAiOnsiY3JlYXRlIjozMDAwMDAwMDAwMDAsImRlbGV0ZSI6MzAwMDAwMDAwMDAwLCJ1cGRhdGUiOjEyMDAwMDAwMDAwMH19",
          "dependencies": [
            "module.main_vpc.aws_vpc.this"
          ]
        }
      ]
    },
    {
      "module": "module.main_vpc",
      "mode": "managed",
      "type": "aws_route_table",
      "name": "igw_route_table",
      "provider": "provider[\"registry.terraform.io/hashicorp/aws\"]",
      "instances": [
        {
          "index_key": 0,
          "schema_version": 0,
          "attributes": {
            "arn": "arn:aws:ec2:us-east-1:478332897299:route-table/rtb-09283e17348c7df85",
            "id": "rtb-09283e17348c7df85",
            "owner_id": "478332897299",
            "propagating_vgws": [],
            "route": [
              {
                "carrier_gateway_id": "",
                "cidr_block": "0.0.0.0/0",
                "core_network_arn": "",
                "destination_prefix_list_id": "",
                "egress_only_gateway_id": "",
                "gateway_id": "igw-0c08fed283e966f69",
                "ipv6_cidr_block": "",
                "local_gateway_id": "",
                "nat_gateway_id": "",
                "network_interface_id": "",
                "transit_gateway_id": "",
                "vpc_endpoint_id": "",
                "vpc_peering_connection_id": ""
              },
              {
                "carrier_gateway_id": "",
                "cidr_block": "10.0.0.0/16",
                "core_network_arn": "",
                "destination_prefix_list_id": "",
                "egress_only_gateway_id": "",
                "gateway_id": "local",
                "ipv6_cidr_block": "",
                "local_gateway_id": "",
                "nat_gateway_id": "",
                "network_interface_id": "",
                "transit_gateway_id": "",
                "vpc_endpoint_id": "",
                "vpc_peering_connection_id": ""
              }
            ],
            "tags": {
              "Name": "us-east-1-main_vpc-igw-routetable",
              "Owner": "awst",
              "OwnerVpc": "us-east-1-main_vpc",
              "Usage": "VPC"
            },
            "tags_all": {
              "Name": "us-east-1-main_vpc-igw-routetable",
              "Owner": "awst",
              "OwnerVpc": "us-east-1-main_vpc",
              "Usage": "VPC"
            },
            "timeouts": null,
            "vpc_id": "vpc-070164d1aa3035ec9"
          },
          "sensitive_attributes": [],
          "private": "eyJlMmJmYjczMC1lY2FhLTExZTYtOGY4OC0zNDM2M2JjN2M0YzAiOnsiY3JlYXRlIjozMDAwMDAwMDAwMDAsImRlbGV0ZSI6MzAwMDAwMDAwMDAwLCJ1cGRhdGUiOjEyMDAwMDAwMDAwMH19",
          "dependencies": [
            "module.main_vpc.aws_internet_gateway.internet_gateway",
            "module.main_vpc.aws_vpc.this"
          ]
        }
      ]
    },
    {
      "module": "module.main_vpc",
      "mode": "managed",
      "type": "aws_route_table_association",
      "name": "igw_route_table_associations",
      "provider": "provider[\"registry.terraform.io/hashicorp/aws\"]",
      "instances": [
        {
          "index_key": 0,
          "schema_version": 0,
          "attributes": {
            "gateway_id": "",
            "id": "rtbassoc-04801ea61abb2efe2",
            "route_table_id": "rtb-09283e17348c7df85",
            "subnet_id": "subnet-0e6b5dba395d26015",
            "timeouts": null
          },
          "sensitive_attributes": [],
          "private": "eyJlMmJmYjczMC1lY2FhLTExZTYtOGY4OC0zNDM2M2JjN2M0YzAiOnsiY3JlYXRlIjozMDAwMDAwMDAwMDAsImRlbGV0ZSI6MzAwMDAwMDAwMDAwLCJ1cGRhdGUiOjEyMDAwMDAwMDAwMH19",
          "dependencies": [
            "module.main_vpc.aws_internet_gateway.internet_gateway",
            "module.main_vpc.aws_route_table.igw_route_table",
            "module.main_vpc.aws_subnet.public_subnets",
            "module.main_vpc.aws_vpc.this",
            "module.main_vpc.data.aws_availability_zones.available_zones"
          ]
        },
        {
          "index_key": 1,
          "schema_version": 0,
          "attributes": {
            "gateway_id": "",
            "id": "rtbassoc-0039207c6f2d37c2b",
            "route_table_id": "rtb-09283e17348c7df85",
            "subnet_id": "subnet-045f165d4c45a1673",
            "timeouts": null
          },
          "sensitive_attributes": [],
          "private": "eyJlMmJmYjczMC1lY2FhLTExZTYtOGY4OC0zNDM2M2JjN2M0YzAiOnsiY3JlYXRlIjozMDAwMDAwMDAwMDAsImRlbGV0ZSI6MzAwMDAwMDAwMDAwLCJ1cGRhdGUiOjEyMDAwMDAwMDAwMH19",
          "dependencies": [
            "module.main_vpc.aws_internet_gateway.internet_gateway",
            "module.main_vpc.aws_route_table.igw_route_table",
            "module.main_vpc.aws_subnet.public_subnets",
            "module.main_vpc.aws_vpc.this",
            "module.main_vpc.data.aws_availability_zones.available_zones"
          ]
        },
        {
          "index_key": 2,
          "schema_version": 0,
          "attributes": {
            "gateway_id": "",
            "id": "rtbassoc-090a2266bd3178fc8",
            "route_table_id": "rtb-09283e17348c7df85",
            "subnet_id": "subnet-0bd9a673dd6b7b607",
            "timeouts": null
          },
          "sensitive_attributes": [],
          "private": "eyJlMmJmYjczMC1lY2FhLTExZTYtOGY4OC0zNDM2M2JjN2M0YzAiOnsiY3JlYXRlIjozMDAwMDAwMDAwMDAsImRlbGV0ZSI6MzAwMDAwMDAwMDAwLCJ1cGRhdGUiOjEyMDAwMDAwMDAwMH19",
          "dependencies": [
            "module.main_vpc.aws_internet_gateway.internet_gateway",
            "module.main_vpc.aws_route_table.igw_route_table",
            "module.main_vpc.aws_subnet.public_subnets",
            "module.main_vpc.aws_vpc.this",
            "module.main_vpc.data.aws_availability_zones.available_zones"
          ]
        }
      ]
    },
    {
      "module": "module.main_vpc",
      "mode": "managed",
      "type": "aws_security_group",
      "name": "this_security_group",
      "provider": "provider[\"registry.terraform.io/hashicorp/aws\"]",
      "instances": [
        {
          "schema_version": 1,
          "attributes": {
            "arn": "arn:aws:ec2:us-east-1:478332897299:security-group/sg-06b130e9f538d8069",
            "description": "Managed by Terraform",
            "egress": [
              {
                "cidr_blocks": [
                  "0.0.0.0/0"
                ],
                "description": "",
                "from_port": 0,
                "ipv6_cidr_blocks": [],
                "prefix_list_ids": [],
                "protocol": "-1",
                "security_groups": [],
                "self": false,
                "to_port": 0
              }
            ],
            "id": "sg-06b130e9f538d8069",
            "ingress": [
              {
                "cidr_blocks": [],
                "description": "",
                "from_port": 0,
                "ipv6_cidr_blocks": [],
                "prefix_list_ids": [],
                "protocol": "-1",
                "security_groups": [],
                "self": true,
                "to_port": 0
              }
            ],
            "name": "us-east-1-main_vpc-sg",
            "name_prefix": "",
            "owner_id": "478332897299",
            "revoke_rules_on_delete": false,
            "tags": {
              "Name": "us-east-1-main_vpc-sg",
              "Owner": "awst",
              "OwnerVpc": "us-east-1-main_vpc",
              "Usage": "VPC"
            },
            "tags_all": {
              "Name": "us-east-1-main_vpc-sg",
              "Owner": "awst",
              "OwnerVpc": "us-east-1-main_vpc",
              "Usage": "VPC"
            },
            "timeouts": null,
            "vpc_id": "vpc-070164d1aa3035ec9"
          },
          "sensitive_attributes": [],
          "private": "eyJlMmJmYjczMC1lY2FhLTExZTYtOGY4OC0zNDM2M2JjN2M0YzAiOnsiY3JlYXRlIjo2MDAwMDAwMDAwMDAsImRlbGV0ZSI6OTAwMDAwMDAwMDAwfSwic2NoZW1hX3ZlcnNpb24iOiIxIn0=",
          "dependencies": [
            "module.main_vpc.aws_vpc.this"
          ]
        }
      ]
    },
    {
      "module": "module.main_vpc",
      "mode": "managed",
      "type": "aws_subnet",
      "name": "private_subnets",
      "provider": "provider[\"registry.terraform.io/hashicorp/aws\"]",
      "instances": [
        {
          "index_key": 0,
          "schema_version": 1,
          "attributes": {
            "arn": "arn:aws:ec2:us-east-1:478332897299:subnet/subnet-0ffd37fbc7339a050",
            "assign_ipv6_address_on_creation": false,
            "availability_zone": "us-east-1a",
            "availability_zone_id": "use1-az2",
            "cidr_block": "10.0.201.0/24",
            "customer_owned_ipv4_pool": "",
            "enable_dns64": false,
            "enable_lni_at_device_index": 0,
            "enable_resource_name_dns_a_record_on_launch": false,
            "enable_resource_name_dns_aaaa_record_on_launch": false,
            "id": "subnet-0ffd37fbc7339a050",
            "ipv6_cidr_block": "",
            "ipv6_cidr_block_association_id": "",
            "ipv6_native": false,
            "map_customer_owned_ip_on_launch": false,
            "map_public_ip_on_launch": false,
            "outpost_arn": "",
            "owner_id": "478332897299",
            "private_dns_hostname_type_on_launch": "ip-name",
            "tags": {
              "Name": "us-east-1-main_vpc-subnet0",
              "Owner": "awst",
              "OwnerVpc": "us-east-1-main_vpc",
              "Tier": "Private",
              "Usage": "VPC"
            },
            "tags_all": {
              "Name": "us-east-1-main_vpc-subnet0",
              "Owner": "awst",
              "OwnerVpc": "us-east-1-main_vpc",
              "Tier": "Private",
              "Usage": "VPC"
            },
            "timeouts": null,
            "vpc_id": "vpc-070164d1aa3035ec9"
          },
          "sensitive_attributes": [],
          "private": "eyJlMmJmYjczMC1lY2FhLTExZTYtOGY4OC0zNDM2M2JjN2M0YzAiOnsiY3JlYXRlIjo2MDAwMDAwMDAwMDAsImRlbGV0ZSI6MTIwMDAwMDAwMDAwMH0sInNjaGVtYV92ZXJzaW9uIjoiMSJ9",
          "dependencies": [
            "module.main_vpc.aws_vpc.this",
            "module.main_vpc.data.aws_availability_zones.available_zones"
          ]
        },
        {
          "index_key": 1,
          "schema_version": 1,
          "attributes": {
            "arn": "arn:aws:ec2:us-east-1:478332897299:subnet/subnet-00ccd1ff4c56db021",
            "assign_ipv6_address_on_creation": false,
            "availability_zone": "us-east-1b",
            "availability_zone_id": "use1-az4",
            "cidr_block": "10.0.202.0/24",
            "customer_owned_ipv4_pool": "",
            "enable_dns64": false,
            "enable_lni_at_device_index": 0,
            "enable_resource_name_dns_a_record_on_launch": false,
            "enable_resource_name_dns_aaaa_record_on_launch": false,
            "id": "subnet-00ccd1ff4c56db021",
            "ipv6_cidr_block": "",
            "ipv6_cidr_block_association_id": "",
            "ipv6_native": false,
            "map_customer_owned_ip_on_launch": false,
            "map_public_ip_on_launch": false,
            "outpost_arn": "",
            "owner_id": "478332897299",
            "private_dns_hostname_type_on_launch": "ip-name",
            "tags": {
              "Name": "us-east-1-main_vpc-subnet1",
              "Owner": "awst",
              "OwnerVpc": "us-east-1-main_vpc",
              "Tier": "Private",
              "Usage": "VPC"
            },
            "tags_all": {
              "Name": "us-east-1-main_vpc-subnet1",
              "Owner": "awst",
              "OwnerVpc": "us-east-1-main_vpc",
              "Tier": "Private",
              "Usage": "VPC"
            },
            "timeouts": null,
            "vpc_id": "vpc-070164d1aa3035ec9"
          },
          "sensitive_attributes": [],
          "private": "eyJlMmJmYjczMC1lY2FhLTExZTYtOGY4OC0zNDM2M2JjN2M0YzAiOnsiY3JlYXRlIjo2MDAwMDAwMDAwMDAsImRlbGV0ZSI6MTIwMDAwMDAwMDAwMH0sInNjaGVtYV92ZXJzaW9uIjoiMSJ9",
          "dependencies": [
            "module.main_vpc.aws_vpc.this",
            "module.main_vpc.data.aws_availability_zones.available_zones"
          ]
        },
        {
          "index_key": 2,
          "schema_version": 1,
          "attributes": {
            "arn": "arn:aws:ec2:us-east-1:478332897299:subnet/subnet-033c9a6ca1b8772c7",
            "assign_ipv6_address_on_creation": false,
            "availability_zone": "us-east-1c",
            "availability_zone_id": "use1-az6",
            "cidr_block": "10.0.203.0/24",
            "customer_owned_ipv4_pool": "",
            "enable_dns64": false,
            "enable_lni_at_device_index": 0,
            "enable_resource_name_dns_a_record_on_launch": false,
            "enable_resource_name_dns_aaaa_record_on_launch": false,
            "id": "subnet-033c9a6ca1b8772c7",
            "ipv6_cidr_block": "",
            "ipv6_cidr_block_association_id": "",
            "ipv6_native": false,
            "map_customer_owned_ip_on_launch": false,
            "map_public_ip_on_launch": false,
            "outpost_arn": "",
            "owner_id": "478332897299",
            "private_dns_hostname_type_on_launch": "ip-name",
            "tags": {
              "Name": "us-east-1-main_vpc-subnet2",
              "Owner": "awst",
              "OwnerVpc": "us-east-1-main_vpc",
              "Tier": "Private",
              "Usage": "VPC"
            },
            "tags_all": {
              "Name": "us-east-1-main_vpc-subnet2",
              "Owner": "awst",
              "OwnerVpc": "us-east-1-main_vpc",
              "Tier": "Private",
              "Usage": "VPC"
            },
            "timeouts": null,
            "vpc_id": "vpc-070164d1aa3035ec9"
          },
          "sensitive_attributes": [],
          "private": "eyJlMmJmYjczMC1lY2FhLTExZTYtOGY4OC0zNDM2M2JjN2M0YzAiOnsiY3JlYXRlIjo2MDAwMDAwMDAwMDAsImRlbGV0ZSI6MTIwMDAwMDAwMDAwMH0sInNjaGVtYV92ZXJzaW9uIjoiMSJ9",
          "dependencies": [
            "module.main_vpc.aws_vpc.this",
            "module.main_vpc.data.aws_availability_zones.available_zones"
          ]
        }
      ]
    },
    {
      "module": "module.main_vpc",
      "mode": "managed",
      "type": "aws_subnet",
      "name": "public_subnets",
      "provider": "provider[\"registry.terraform.io/hashicorp/aws\"]",
      "instances": [
        {
          "index_key": 0,
          "schema_version": 1,
          "attributes": {
            "arn": "arn:aws:ec2:us-east-1:478332897299:subnet/subnet-0e6b5dba395d26015",
            "assign_ipv6_address_on_creation": false,
            "availability_zone": "us-east-1a",
            "availability_zone_id": "use1-az2",
            "cidr_block": "10.0.1.0/24",
            "customer_owned_ipv4_pool": "",
            "enable_dns64": false,
            "enable_lni_at_device_index": 0,
            "enable_resource_name_dns_a_record_on_launch": false,
            "enable_resource_name_dns_aaaa_record_on_launch": false,
            "id": "subnet-0e6b5dba395d26015",
            "ipv6_cidr_block": "",
            "ipv6_cidr_block_association_id": "",
            "ipv6_native": false,
            "map_customer_owned_ip_on_launch": false,
            "map_public_ip_on_launch": false,
            "outpost_arn": "",
            "owner_id": "478332897299",
            "private_dns_hostname_type_on_launch": "ip-name",
            "tags": {
              "Name": "us-east-1-main_vpc-public-subnet0",
              "Owner": "awst",
              "OwnerVpc": "us-east-1-main_vpc",
              "Tier": "Public",
              "Usage": "VPC"
            },
            "tags_all": {
              "Name": "us-east-1-main_vpc-public-subnet0",
              "Owner": "awst",
              "OwnerVpc": "us-east-1-main_vpc",
              "Tier": "Public",
              "Usage": "VPC"
            },
            "timeouts": null,
            "vpc_id": "vpc-070164d1aa3035ec9"
          },
          "sensitive_attributes": [],
          "private": "eyJlMmJmYjczMC1lY2FhLTExZTYtOGY4OC0zNDM2M2JjN2M0YzAiOnsiY3JlYXRlIjo2MDAwMDAwMDAwMDAsImRlbGV0ZSI6MTIwMDAwMDAwMDAwMH0sInNjaGVtYV92ZXJzaW9uIjoiMSJ9",
          "dependencies": [
            "module.main_vpc.aws_vpc.this",
            "module.main_vpc.data.aws_availability_zones.available_zones"
          ]
        },
        {
          "index_key": 1,
          "schema_version": 1,
          "attributes": {
            "arn": "arn:aws:ec2:us-east-1:478332897299:subnet/subnet-045f165d4c45a1673",
            "assign_ipv6_address_on_creation": false,
            "availability_zone": "us-east-1b",
            "availability_zone_id": "use1-az4",
            "cidr_block": "10.0.2.0/24",
            "customer_owned_ipv4_pool": "",
            "enable_dns64": false,
            "enable_lni_at_device_index": 0,
            "enable_resource_name_dns_a_record_on_launch": false,
            "enable_resource_name_dns_aaaa_record_on_launch": false,
            "id": "subnet-045f165d4c45a1673",
            "ipv6_cidr_block": "",
            "ipv6_cidr_block_association_id": "",
            "ipv6_native": false,
            "map_customer_owned_ip_on_launch": false,
            "map_public_ip_on_launch": false,
            "outpost_arn": "",
            "owner_id": "478332897299",
            "private_dns_hostname_type_on_launch": "ip-name",
            "tags": {
              "Name": "us-east-1-main_vpc-public-subnet1",
              "Owner": "awst",
              "OwnerVpc": "us-east-1-main_vpc",
              "Tier": "Public",
              "Usage": "VPC"
            },
            "tags_all": {
              "Name": "us-east-1-main_vpc-public-subnet1",
              "Owner": "awst",
              "OwnerVpc": "us-east-1-main_vpc",
              "Tier": "Public",
              "Usage": "VPC"
            },
            "timeouts": null,
            "vpc_id": "vpc-070164d1aa3035ec9"
          },
          "sensitive_attributes": [],
          "private": "eyJlMmJmYjczMC1lY2FhLTExZTYtOGY4OC0zNDM2M2JjN2M0YzAiOnsiY3JlYXRlIjo2MDAwMDAwMDAwMDAsImRlbGV0ZSI6MTIwMDAwMDAwMDAwMH0sInNjaGVtYV92ZXJzaW9uIjoiMSJ9",
          "dependencies": [
            "module.main_vpc.aws_vpc.this",
            "module.main_vpc.data.aws_availability_zones.available_zones"
          ]
        },
        {
          "index_key": 2,
          "schema_version": 1,
          "attributes": {
            "arn": "arn:aws:ec2:us-east-1:478332897299:subnet/subnet-0bd9a673dd6b7b607",
            "assign_ipv6_address_on_creation": false,
            "availability_zone": "us-east-1c",
            "availability_zone_id": "use1-az6",
            "cidr_block": "10.0.3.0/24",
            "customer_owned_ipv4_pool": "",
            "enable_dns64": false,
            "enable_lni_at_device_index": 0,
            "enable_resource_name_dns_a_record_on_launch": false,
            "enable_resource_name_dns_aaaa_record_on_launch": false,
            "id": "subnet-0bd9a673dd6b7b607",
            "ipv6_cidr_block": "",
            "ipv6_cidr_block_association_id": "",
            "ipv6_native": false,
            "map_customer_owned_ip_on_launch": false,
            "map_public_ip_on_launch": false,
            "outpost_arn": "",
            "owner_id": "478332897299",
            "private_dns_hostname_type_on_launch": "ip-name",
            "tags": {
              "Name": "us-east-1-main_vpc-public-subnet2",
              "Owner": "awst",
              "OwnerVpc": "us-east-1-main_vpc",
              "Tier": "Public",
              "Usage": "VPC"
            },
            "tags_all": {
              "Name": "us-east-1-main_vpc-public-subnet2",
              "Owner": "awst",
              "OwnerVpc": "us-east-1-main_vpc",
              "Tier": "Public",
              "Usage": "VPC"
            },
            "timeouts": null,
            "vpc_id": "vpc-070164d1aa3035ec9"
          },
          "sensitive_attributes": [],
          "private": "eyJlMmJmYjczMC1lY2FhLTExZTYtOGY4OC0zNDM2M2JjN2M0YzAiOnsiY3JlYXRlIjo2MDAwMDAwMDAwMDAsImRlbGV0ZSI6MTIwMDAwMDAwMDAwMH0sInNjaGVtYV92ZXJzaW9uIjoiMSJ9",
          "dependencies": [
            "module.main_vpc.aws_vpc.this",
            "module.main_vpc.data.aws_availability_zones.available_zones"
          ]
        }
      ]
    },
    {
      "module": "module.main_vpc",
      "mode": "managed",
      "type": "aws_vpc",
      "name": "this",
      "provider": "provider[\"registry.terraform.io/hashicorp/aws\"]",
      "instances": [
        {
          "schema_version": 1,
          "attributes": {
            "arn": "arn:aws:ec2:us-east-1:478332897299:vpc/vpc-070164d1aa3035ec9",
            "assign_generated_ipv6_cidr_block": false,
            "cidr_block": "10.0.0.0/16",
            "default_network_acl_id": "acl-0d71f6cce01cc5602",
            "default_route_table_id": "rtb-0abcb347255d99530",
            "default_security_group_id": "sg-0f50773d3625d5dac",
            "dhcp_options_id": "dopt-08afd5376a36b3bd2",
            "enable_dns_hostnames": true,
            "enable_dns_support": true,
            "enable_network_address_usage_metrics": false,
            "id": "vpc-070164d1aa3035ec9",
            "instance_tenancy": "default",
            "ipv4_ipam_pool_id": null,
            "ipv4_netmask_length": null,
            "ipv6_association_id": "",
            "ipv6_cidr_block": "",
            "ipv6_cidr_block_network_border_group": "",
            "ipv6_ipam_pool_id": "",
            "ipv6_netmask_length": 0,
            "main_route_table_id": "rtb-0abcb347255d99530",
            "owner_id": "478332897299",
            "tags": {
              "Name": "us-east-1-main_vpc",
              "Owner": "awst",
              "Usage": "VPC"
            },
            "tags_all": {
              "Name": "us-east-1-main_vpc",
              "Owner": "awst",
              "Usage": "VPC"
            }
          },
          "sensitive_attributes": [],
          "private": "eyJzY2hlbWFfdmVyc2lvbiI6IjEifQ=="
        }
      ]
    },
    {
      "module": "module.mysql_single",
      "mode": "data",
      "type": "aws_subnets",
      "name": "private_subnets",
      "provider": "provider[\"registry.terraform.io/hashicorp/aws\"]",
      "instances": [
        {
          "schema_version": 0,
          "attributes": {
            "filter": [
              {
                "name": "tag:Tier",
                "values": [
                  "Private"
                ]
              },
              {
                "name": "vpc-id",
                "values": [
                  "vpc-070164d1aa3035ec9"
                ]
              }
            ],
            "id": "us-east-1",
            "ids": [
              "subnet-033c9a6ca1b8772c7",
              "subnet-0ffd37fbc7339a050",
              "subnet-00ccd1ff4c56db021"
            ],
            "tags": null,
            "timeouts": null
          },
          "sensitive_attributes": []
        }
      ]
    },
    {
      "module": "module.mysql_single",
      "mode": "data",
      "type": "aws_vpc",
      "name": "target_vpc",
      "provider": "provider[\"registry.terraform.io/hashicorp/aws\"]",
      "instances": [
        {
          "schema_version": 0,
          "attributes": {
            "arn": "arn:aws:ec2:us-east-1:478332897299:vpc/vpc-070164d1aa3035ec9",
            "cidr_block": "10.0.0.0/16",
            "cidr_block_associations": [
              {
                "association_id": "vpc-cidr-assoc-0ef430950e05ccedd",
                "cidr_block": "10.0.0.0/16",
                "state": "associated"
              }
            ],
            "default": false,
            "dhcp_options_id": "dopt-08afd5376a36b3bd2",
            "enable_dns_hostnames": true,
            "enable_dns_support": true,
            "enable_network_address_usage_metrics": false,
            "filter": null,
            "id": "vpc-070164d1aa3035ec9",
            "instance_tenancy": "default",
            "ipv6_association_id": "",
            "ipv6_cidr_block": "",
            "main_route_table_id": "rtb-0abcb347255d99530",
            "owner_id": "478332897299",
            "state": null,
            "tags": {
              "Name": "us-east-1-main_vpc",
              "Owner": "awst",
              "Usage": "VPC"
            },
            "timeouts": null
          },
          "sensitive_attributes": []
        }
      ]
    },
    {
      "module": "module.mysql_single",
      "mode": "managed",
      "type": "aws_db_instance",
      "name": "this",
      "provider": "provider[\"registry.terraform.io/hashicorp/aws\"]",
      "instances": [
        {
          "schema_version": 2,
          "attributes": {
            "address": "us-east-1-mysql368b4d36d6520da5.c8ks9sefwmat.us-east-1.rds.amazonaws.com",
            "allocated_storage": 20,
            "allow_major_version_upgrade": false,
            "apply_immediately": true,
            "arn": "arn:aws:rds:us-east-1:478332897299:db:us-east-1-mysql368b4d36d6520da5",
            "auto_minor_version_upgrade": true,
            "availability_zone": "us-east-1a",
            "backup_retention_period": 0,
            "backup_target": "region",
            "backup_window": "06:30-07:00",
            "blue_green_update": [],
            "ca_cert_identifier": "rds-ca-rsa2048-g1",
            "character_set_name": "",
            "copy_tags_to_snapshot": false,
            "custom_iam_instance_profile": "",
            "customer_owned_ip_enabled": false,
            "db_name": "product_catalog",
            "db_subnet_group_name": "subnet-group-us-east-1-mysql368b4d36d6520da5",
            "delete_automated_backups": true,
            "deletion_protection": false,
            "domain": "",
            "domain_iam_role_name": "",
            "enabled_cloudwatch_logs_exports": [],
            "endpoint": "us-east-1-mysql368b4d36d6520da5.c8ks9sefwmat.us-east-1.rds.amazonaws.com:3306",
            "engine": "mysql",
            "engine_version": "8.0",
            "engine_version_actual": "8.0.35",
            "final_snapshot_identifier": null,
            "hosted_zone_id": "Z2R2ITUGPM61AM",
            "iam_database_authentication_enabled": false,
            "id": "db-GAO3Z2LWD7XAKINPM6N7F2C3ZI",
            "identifier": "us-east-1-mysql368b4d36d6520da5",
            "identifier_prefix": "",
            "instance_class": "db.t3.micro",
            "iops": 0,
            "kms_key_id": "",
            "latest_restorable_time": "",
            "license_model": "general-public-license",
            "listener_endpoint": [],
            "maintenance_window": "tue:08:57-tue:09:27",
            "manage_master_user_password": null,
            "master_user_secret": [],
            "master_user_secret_kms_key_id": null,
            "max_allocated_storage": 0,
            "monitoring_interval": 0,
            "monitoring_role_arn": "",
            "multi_az": false,
            "nchar_character_set_name": "",
            "network_type": "IPV4",
            "option_group_name": "default:mysql-8-0",
            "parameter_group_name": "default.mysql8.0",
            "password": "admin123456",
            "performance_insights_enabled": false,
            "performance_insights_kms_key_id": "",
            "performance_insights_retention_period": 0,
            "port": 3306,
            "publicly_accessible": false,
            "replica_mode": "",
            "replicas": [],
            "replicate_source_db": "",
            "resource_id": "db-GAO3Z2LWD7XAKINPM6N7F2C3ZI",
            "restore_to_point_in_time": [],
            "s3_import": [],
            "skip_final_snapshot": true,
            "snapshot_identifier": null,
            "status": "available",
            "storage_encrypted": false,
            "storage_throughput": 0,
            "storage_type": "gp2",
            "tags": {
              "Name": "us-east-1-mysql368b4d36d6520da5",
              "Usage": "RDS"
            },
            "tags_all": {
              "Name": "us-east-1-mysql368b4d36d6520da5",
              "Usage": "RDS"
            },
            "timeouts": {
              "create": "1h",
              "delete": "1h",
              "update": "80m"
            },
            "timezone": "",
            "username": "root",
            "vpc_security_group_ids": [
              "sg-03571a139951f4837"
            ]
          },
          "sensitive_attributes": [],
          "private": "eyJlMmJmYjczMC1lY2FhLTExZTYtOGY4OC0zNDM2M2JjN2M0YzAiOnsiY3JlYXRlIjozNjAwMDAwMDAwMDAwLCJkZWxldGUiOjM2MDAwMDAwMDAwMDAsInVwZGF0ZSI6NDgwMDAwMDAwMDAwMH0sInNjaGVtYV92ZXJzaW9uIjoiMiJ9",
          "dependencies": [
            "data.aws_vpcs.main_vpc",
            "module.mysql_single.aws_db_subnet_group.this_subnet_group",
            "module.mysql_single.aws_security_group.this_security_group",
            "module.mysql_single.data.aws_subnets.private_subnets",
            "module.mysql_single.data.aws_vpc.target_vpc",
            "module.mysql_single.random_id.db_instance_id"
          ]
        }
      ]
    },
    {
      "module": "module.mysql_single",
      "mode": "managed",
      "type": "aws_db_subnet_group",
      "name": "this_subnet_group",
      "provider": "provider[\"registry.terraform.io/hashicorp/aws\"]",
      "instances": [
        {
          "schema_version": 0,
          "attributes": {
            "arn": "arn:aws:rds:us-east-1:478332897299:subgrp:subnet-group-us-east-1-mysql368b4d36d6520da5",
            "description": "Managed by Terraform",
            "id": "subnet-group-us-east-1-mysql368b4d36d6520da5",
            "name": "subnet-group-us-east-1-mysql368b4d36d6520da5",
            "name_prefix": "",
            "subnet_ids": [
              "subnet-00ccd1ff4c56db021",
              "subnet-033c9a6ca1b8772c7",
              "subnet-0ffd37fbc7339a050"
            ],
            "supported_network_types": [
              "IPV4"
            ],
            "tags": {
              "Usage": "RDS"
            },
            "tags_all": {
              "Usage": "RDS"
            },
            "vpc_id": "vpc-070164d1aa3035ec9"
          },
          "sensitive_attributes": [],
          "private": "bnVsbA==",
          "dependencies": [
            "data.aws_vpcs.main_vpc",
            "module.mysql_single.data.aws_subnets.private_subnets",
            "module.mysql_single.random_id.db_instance_id"
          ]
        }
      ]
    },
    {
      "module": "module.mysql_single",
      "mode": "managed",
      "type": "aws_security_group",
      "name": "this_security_group",
      "provider": "provider[\"registry.terraform.io/hashicorp/aws\"]",
      "instances": [
        {
          "schema_version": 1,
          "attributes": {
            "arn": "arn:aws:ec2:us-east-1:478332897299:security-group/sg-03571a139951f4837",
            "description": "Managed by Terraform",
            "egress": [
              {
                "cidr_blocks": [
                  "0.0.0.0/0"
                ],
                "description": "",
                "from_port": 0,
                "ipv6_cidr_blocks": [],
                "prefix_list_ids": [],
                "protocol": "-1",
                "security_groups": [],
                "self": false,
                "to_port": 0
              }
            ],
            "id": "sg-03571a139951f4837",
            "ingress": [
              {
                "cidr_blocks": [
                  "10.0.0.0/16"
                ],
                "description": "",
                "from_port": 3306,
                "ipv6_cidr_blocks": [],
                "prefix_list_ids": [],
                "protocol": "tcp",
                "security_groups": [],
                "self": false,
                "to_port": 3306
              }
            ],
            "name": "us-east-1-mysql368b4d36d6520da5-sg",
            "name_prefix": "",
            "owner_id": "478332897299",
            "revoke_rules_on_delete": false,
            "tags": {
              "Name": "us-east-1-mysql368b4d36d6520da5-sg",
              "OwnerVpc": "vpc-070164d1aa3035ec9",
              "Usage": "VPC"
            },
            "tags_all": {
              "Name": "us-east-1-mysql368b4d36d6520da5-sg",
              "OwnerVpc": "vpc-070164d1aa3035ec9",
              "Usage": "VPC"
            },
            "timeouts": null,
            "vpc_id": "vpc-070164d1aa3035ec9"
          },
          "sensitive_attributes": [],
          "private": "eyJlMmJmYjczMC1lY2FhLTExZTYtOGY4OC0zNDM2M2JjN2M0YzAiOnsiY3JlYXRlIjo2MDAwMDAwMDAwMDAsImRlbGV0ZSI6OTAwMDAwMDAwMDAwfSwic2NoZW1hX3ZlcnNpb24iOiIxIn0=",
          "dependencies": [
            "data.aws_vpcs.main_vpc",
            "module.mysql_single.data.aws_vpc.target_vpc",
            "module.mysql_single.random_id.db_instance_id"
          ]
        }
      ]
    },
    {
      "module": "module.mysql_single",
      "mode": "managed",
      "type": "random_id",
      "name": "db_instance_id",
      "provider": "provider[\"registry.terraform.io/hashicorp/random\"]",
      "instances": [
        {
          "schema_version": 0,
          "attributes": {
            "b64_std": "us-east-1-mysqlNotNNtZSDaU=",
            "b64_url": "us-east-1-mysqlNotNNtZSDaU",
            "byte_length": 8,
            "dec": "us-east-1-mysql3930319997730164133",
            "hex": "us-east-1-mysql368b4d36d6520da5",
            "id": "NotNNtZSDaU",
            "keepers": {
              "db_name": "product_catalog"
            },
            "prefix": "us-east-1-mysql"
          },
          "sensitive_attributes": []
        }
      ]
    },
    {
      "module": "module.private-nlb",
      "mode": "data",
      "type": "aws_instances",
      "name": "lb_targets",
      "provider": "provider[\"registry.terraform.io/hashicorp/aws\"]",
      "instances": [
        {
          "schema_version": 0,
          "attributes": {
            "filter": null,
            "id": "us-east-1",
            "ids": [
              "i-0f493defb84d5d009"
            ],
            "instance_state_names": [
              "running"
            ],
            "instance_tags": {
              "Usage": "EC2"
            },
            "ipv6_addresses": [],
            "private_ips": [
              "10.0.203.205"
            ],
            "public_ips": [],
            "timeouts": null
          },
          "sensitive_attributes": []
        }
      ]
    },
    {
      "module": "module.private-nlb",
      "mode": "data",
      "type": "aws_subnets",
      "name": "public_subnets",
      "provider": "provider[\"registry.terraform.io/hashicorp/aws\"]",
      "instances": [
        {
          "schema_version": 0,
          "attributes": {
            "filter": [
              {
                "name": "tag:Tier",
                "values": [
                  "Public"
                ]
              },
              {
                "name": "vpc-id",
                "values": [
                  "vpc-070164d1aa3035ec9"
                ]
              }
            ],
            "id": "us-east-1",
            "ids": [
              "subnet-0e6b5dba395d26015",
              "subnet-0bd9a673dd6b7b607",
              "subnet-045f165d4c45a1673"
            ],
            "tags": null,
            "timeouts": null
          },
          "sensitive_attributes": []
        }
      ]
    },
    {
      "module": "module.private-nlb",
      "mode": "data",
      "type": "aws_vpc",
      "name": "target",
      "provider": "provider[\"registry.terraform.io/hashicorp/aws\"]",
      "instances": [
        {
          "schema_version": 0,
          "attributes": {
            "arn": "arn:aws:ec2:us-east-1:478332897299:vpc/vpc-070164d1aa3035ec9",
            "cidr_block": "10.0.0.0/16",
            "cidr_block_associations": [
              {
                "association_id": "vpc-cidr-assoc-0ef430950e05ccedd",
                "cidr_block": "10.0.0.0/16",
                "state": "associated"
              }
            ],
            "default": false,
            "dhcp_options_id": "dopt-08afd5376a36b3bd2",
            "enable_dns_hostnames": true,
            "enable_dns_support": true,
            "enable_network_address_usage_metrics": false,
            "filter": null,
            "id": "vpc-070164d1aa3035ec9",
            "instance_tenancy": "default",
            "ipv6_association_id": "",
            "ipv6_cidr_block": "",
            "main_route_table_id": "rtb-0abcb347255d99530",
            "owner_id": "478332897299",
            "state": null,
            "tags": {
              "Name": "us-east-1-main_vpc",
              "Owner": "awst",
              "Usage": "VPC"
            },
            "timeouts": null
          },
          "sensitive_attributes": []
        }
      ]
    },
    {
      "module": "module.private-nlb",
      "mode": "managed",
      "type": "aws_alb_target_group",
      "name": "default",
      "provider": "provider[\"registry.terraform.io/hashicorp/aws\"]",
      "instances": [
        {
          "schema_version": 0,
          "attributes": {
            "arn": "arn:aws:elasticloadbalancing:us-east-1:478332897299:targetgroup/test-private-nlb-target-group/a537406a43c722ba",
            "arn_suffix": "targetgroup/test-private-nlb-target-group/a537406a43c722ba",
            "connection_termination": false,
            "deregistration_delay": "300",
            "health_check": [
              {
                "enabled": true,
                "healthy_threshold": 5,
                "interval": 30,
                "matcher": "",
                "path": "",
                "port": "traffic-port",
                "protocol": "TCP",
                "timeout": 10,
                "unhealthy_threshold": 2
              }
            ],
            "id": "arn:aws:elasticloadbalancing:us-east-1:478332897299:targetgroup/test-private-nlb-target-group/a537406a43c722ba",
            "ip_address_type": "ipv4",
            "lambda_multi_value_headers_enabled": false,
            "load_balancing_algorithm_type": null,
            "load_balancing_cross_zone_enabled": "use_load_balancer_configuration",
            "name": "test-private-nlb-target-group",
            "name_prefix": "",
            "port": 8088,
            "preserve_client_ip": "true",
            "protocol": "TCP",
            "protocol_version": null,
            "proxy_protocol_v2": false,
            "slow_start": 0,
            "stickiness": [
              {
                "cookie_duration": 0,
                "cookie_name": "",
                "enabled": false,
                "type": "source_ip"
              }
            ],
            "tags": {
              "Usage": "ELB"
            },
            "tags_all": {
              "Usage": "ELB"
            },
            "target_failover": [
              {
                "on_deregistration": null,
                "on_unhealthy": null
              }
            ],
            "target_health_state": [
              {
                "enable_unhealthy_connection_termination": true
              }
            ],
            "target_type": "instance",
            "vpc_id": "vpc-070164d1aa3035ec9"
          },
          "sensitive_attributes": [],
          "private": "bnVsbA==",
          "dependencies": [
            "data.aws_vpcs.main_vpc",
            "module.private-nlb.aws_lb.this",
            "module.private-nlb.aws_security_group.this",
            "module.private-nlb.data.aws_subnets.public_subnets",
            "module.private-nlb.data.aws_vpc.target"
          ]
        }
      ]
    },
    {
      "module": "module.private-nlb",
      "mode": "managed",
      "type": "aws_lb",
      "name": "this",
      "provider": "provider[\"registry.terraform.io/hashicorp/aws\"]",
      "instances": [
        {
          "schema_version": 0,
          "attributes": {
            "access_logs": [
              {
                "bucket": "",
                "enabled": false,
                "prefix": ""
              }
            ],
            "arn": "arn:aws:elasticloadbalancing:us-east-1:478332897299:loadbalancer/net/test-private-nlb/0322a5d39bafd2c2",
            "arn_suffix": "net/test-private-nlb/0322a5d39bafd2c2",
            "customer_owned_ipv4_pool": "",
            "desync_mitigation_mode": null,
            "dns_name": "test-private-nlb-0322a5d39bafd2c2.elb.us-east-1.amazonaws.com",
            "dns_record_client_routing_policy": "any_availability_zone",
            "drop_invalid_header_fields": null,
            "enable_cross_zone_load_balancing": true,
            "enable_deletion_protection": false,
            "enable_http2": null,
            "enable_tls_version_and_cipher_suite_headers": null,
            "enable_waf_fail_open": null,
            "enable_xff_client_port": null,
            "id": "arn:aws:elasticloadbalancing:us-east-1:478332897299:loadbalancer/net/test-private-nlb/0322a5d39bafd2c2",
            "idle_timeout": null,
            "internal": true,
            "ip_address_type": "ipv4",
            "load_balancer_type": "network",
            "name": "test-private-nlb",
            "name_prefix": "",
            "preserve_host_header": null,
            "security_groups": [
              "sg-06115fa84ed00d1a6"
            ],
            "subnet_mapping": [
              {
                "allocation_id": "",
                "ipv6_address": "",
                "outpost_id": "",
                "private_ipv4_address": "",
                "subnet_id": "subnet-045f165d4c45a1673"
              },
              {
                "allocation_id": "",
                "ipv6_address": "",
                "outpost_id": "",
                "private_ipv4_address": "",
                "subnet_id": "subnet-0bd9a673dd6b7b607"
              },
              {
                "allocation_id": "",
                "ipv6_address": "",
                "outpost_id": "",
                "private_ipv4_address": "",
                "subnet_id": "subnet-0e6b5dba395d26015"
              }
            ],
            "subnets": [
              "subnet-045f165d4c45a1673",
              "subnet-0bd9a673dd6b7b607",
              "subnet-0e6b5dba395d26015"
            ],
            "tags": {
              "Name": "vpc-070164d1aa3035ec9-test-private-nlb",
              "Usage": "ELB"
            },
            "tags_all": {
              "Name": "vpc-070164d1aa3035ec9-test-private-nlb",
              "Usage": "ELB"
            },
            "timeouts": null,
            "vpc_id": "vpc-070164d1aa3035ec9",
            "xff_header_processing_mode": null,
            "zone_id": "Z26RNL4JYFTOTI"
          },
          "sensitive_attributes": [],
          "private": "eyJlMmJmYjczMC1lY2FhLTExZTYtOGY4OC0zNDM2M2JjN2M0YzAiOnsiY3JlYXRlIjo2MDAwMDAwMDAwMDAsImRlbGV0ZSI6NjAwMDAwMDAwMDAwLCJ1cGRhdGUiOjYwMDAwMDAwMDAwMH19",
          "dependencies": [
            "data.aws_vpcs.main_vpc",
            "module.private-nlb.aws_security_group.this",
            "module.private-nlb.data.aws_subnets.public_subnets",
            "module.private-nlb.data.aws_vpc.target"
          ]
        }
      ]
    },
    {
      "module": "module.private-nlb",
      "mode": "managed",
      "type": "aws_lb_listener",
      "name": "default",
      "provider": "provider[\"registry.terraform.io/hashicorp/aws\"]",
      "instances": [
        {
          "index_key": 0,
          "schema_version": 0,
          "attributes": {
            "alpn_policy": null,
            "arn": "arn:aws:elasticloadbalancing:us-east-1:478332897299:listener/net/test-private-nlb/0322a5d39bafd2c2/a3c5c9b50529e62c",
            "certificate_arn": null,
            "default_action": [
              {
                "authenticate_cognito": [],
                "authenticate_oidc": [],
                "fixed_response": [],
                "forward": [],
                "order": 1,
                "redirect": [],
                "target_group_arn": "arn:aws:elasticloadbalancing:us-east-1:478332897299:targetgroup/test-private-nlb-target-group/a537406a43c722ba",
                "type": "forward"
              }
            ],
            "id": "arn:aws:elasticloadbalancing:us-east-1:478332897299:listener/net/test-private-nlb/0322a5d39bafd2c2/a3c5c9b50529e62c",
            "load_balancer_arn": "arn:aws:elasticloadbalancing:us-east-1:478332897299:loadbalancer/net/test-private-nlb/0322a5d39bafd2c2",
            "port": 80,
            "protocol": "TCP",
            "ssl_policy": "",
            "tags": {
              "Usage": "ELB"
            },
            "tags_all": {
              "Usage": "ELB"
            },
            "timeouts": null
          },
          "sensitive_attributes": [],
          "private": "eyJlMmJmYjczMC1lY2FhLTExZTYtOGY4OC0zNDM2M2JjN2M0YzAiOnsicmVhZCI6NjAwMDAwMDAwMDAwfX0=",
          "dependencies": [
            "data.aws_vpcs.main_vpc",
            "module.private-nlb.aws_alb_target_group.default",
            "module.private-nlb.aws_lb.this",
            "module.private-nlb.aws_security_group.this",
            "module.private-nlb.data.aws_subnets.public_subnets",
            "module.private-nlb.data.aws_vpc.target"
          ]
        }
      ]
    },
    {
      "module": "module.private-nlb",
      "mode": "managed",
      "type": "aws_lb_target_group_attachment",
      "name": "default",
      "provider": "provider[\"registry.terraform.io/hashicorp/aws\"]",
      "instances": [
        {
          "index_key": "i-0f493defb84d5d009",
          "schema_version": 0,
          "attributes": {
            "availability_zone": null,
            "id": "arn:aws:elasticloadbalancing:us-east-1:478332897299:targetgroup/test-private-nlb-target-group/a537406a43c722ba-20240229095026717500000001",
            "port": 8088,
            "target_group_arn": "arn:aws:elasticloadbalancing:us-east-1:478332897299:targetgroup/test-private-nlb-target-group/a537406a43c722ba",
            "target_id": "i-0f493defb84d5d009"
          },
          "sensitive_attributes": [],
          "private": "bnVsbA==",
          "dependencies": [
            "data.aws_vpcs.main_vpc",
            "module.private-nlb.aws_alb_target_group.default",
            "module.private-nlb.aws_lb.this",
            "module.private-nlb.aws_security_group.this",
            "module.private-nlb.data.aws_instances.lb_targets",
            "module.private-nlb.data.aws_subnets.public_subnets",
            "module.private-nlb.data.aws_vpc.target"
          ]
        }
      ]
    },
    {
      "module": "module.private-nlb",
      "mode": "managed",
      "type": "aws_security_group",
      "name": "this",
      "provider": "provider[\"registry.terraform.io/hashicorp/aws\"]",
      "instances": [
        {
          "index_key": 0,
          "schema_version": 1,
          "attributes": {
            "arn": "arn:aws:ec2:us-east-1:478332897299:security-group/sg-06115fa84ed00d1a6",
            "description": "Managed by Terraform",
            "egress": [
              {
                "cidr_blocks": [
                  "10.0.0.0/16"
                ],
                "description": "",
                "from_port": 8000,
                "ipv6_cidr_blocks": [
                  "::/0"
                ],
                "prefix_list_ids": [],
                "protocol": "tcp",
                "security_groups": [],
                "self": false,
                "to_port": 8999
              }
            ],
            "id": "sg-06115fa84ed00d1a6",
            "ingress": [
              {
                "cidr_blocks": [
                  "0.0.0.0/0"
                ],
                "description": "",
                "from_port": 80,
                "ipv6_cidr_blocks": [
                  "::/0"
                ],
                "prefix_list_ids": [],
                "protocol": "tcp",
                "security_groups": [],
                "self": false,
                "to_port": 80
              }
            ],
            "name": "test-private-nlb-sg",
            "name_prefix": "",
            "owner_id": "478332897299",
            "revoke_rules_on_delete": false,
            "tags": {
              "Usage": "ELB"
            },
            "tags_all": {
              "Usage": "ELB"
            },
            "timeouts": null,
            "vpc_id": "vpc-070164d1aa3035ec9"
          },
          "sensitive_attributes": [],
          "private": "eyJlMmJmYjczMC1lY2FhLTExZTYtOGY4OC0zNDM2M2JjN2M0YzAiOnsiY3JlYXRlIjo2MDAwMDAwMDAwMDAsImRlbGV0ZSI6OTAwMDAwMDAwMDAwfSwic2NoZW1hX3ZlcnNpb24iOiIxIn0=",
          "dependencies": [
            "data.aws_vpcs.main_vpc",
            "module.private-nlb.data.aws_vpc.target"
          ]
        }
      ]
    },
    {
      "module": "module.sqs",
      "mode": "managed",
      "type": "aws_sqs_queue",
      "name": "this",
      "provider": "provider[\"registry.terraform.io/hashicorp/aws\"]",
      "instances": [
        {
          "index_key": 0,
          "schema_version": 0,
          "attributes": {
            "arn": "arn:aws:sqs:us-east-1:478332897299:test-queue",
            "content_based_deduplication": false,
            "deduplication_scope": "",
            "delay_seconds": 0,
            "fifo_queue": false,
            "fifo_throughput_limit": "",
            "id": "https://sqs.us-east-1.amazonaws.com/478332897299/test-queue",
            "kms_data_key_reuse_period_seconds": 300,
            "kms_master_key_id": "",
            "max_message_size": 262144,
            "message_retention_seconds": 345600,
            "name": "test-queue",
            "name_prefix": "",
            "policy": "",
            "receive_wait_time_seconds": 0,
            "redrive_allow_policy": "",
            "redrive_policy": "",
            "sqs_managed_sse_enabled": true,
            "tags": {
              "Name": "test-queue",
              "Owner": "awst",
              "Usage": "SQS"
            },
            "tags_all": {
              "Name": "test-queue",
              "Owner": "awst",
              "Usage": "SQS"
            },
            "url": "https://sqs.us-east-1.amazonaws.com/478332897299/test-queue",
            "visibility_timeout_seconds": 30
          },
          "sensitive_attributes": [],
          "private": "bnVsbA=="
        }
      ]
    },
    {
      "module": "module.test_api_gateway_lambda",
      "mode": "data",
      "type": "aws_iam_role",
      "name": "cloudwatch_role",
      "provider": "provider[\"registry.terraform.io/hashicorp/aws\"]",
      "instances": [
        {
          "schema_version": 0,
          "attributes": {
            "arn": "arn:aws:iam::478332897299:role/CloudWatchRole",
            "assume_role_policy": "{\"Version\":\"2012-10-17\",\"Statement\":[{\"Effect\":\"Allow\",\"Principal\":{\"Service\":\"apigateway.amazonaws.com\"},\"Action\":\"sts:AssumeRole\"}]}",
            "create_date": "2024-03-03T12:24:52Z",
            "description": "",
            "id": "CloudWatchRole",
            "max_session_duration": 3600,
            "name": "CloudWatchRole",
            "path": "/",
            "permissions_boundary": "",
            "role_last_used": [
              {
                "last_used_date": "",
                "region": ""
              }
            ],
            "tags": {},
            "unique_id": "AROAW6XW4ZAJ7XQVJTOQ7"
          },
          "sensitive_attributes": []
        }
      ]
    },
    {
      "module": "module.test_api_gateway_lambda",
      "mode": "data",
      "type": "aws_lambda_alias",
      "name": "backend",
      "provider": "provider[\"registry.terraform.io/hashicorp/aws\"]",
      "instances": [
        {
          "index_key": 0,
          "schema_version": 0,
          "attributes": {
            "arn": "arn:aws:lambda:us-east-1:478332897299:function:test-lambda-java:apigw-target",
            "description": "",
            "function_name": "test-lambda-java",
            "function_version": "2",
            "id": "arn:aws:lambda:us-east-1:478332897299:function:test-lambda-java:apigw-target",
            "invoke_arn": "arn:aws:apigateway:us-east-1:lambda:path/2015-03-31/functions/arn:aws:lambda:us-east-1:478332897299:function:test-lambda-java:apigw-target/invocations",
            "name": "apigw-target"
          },
          "sensitive_attributes": []
        }
      ]
    },
    {
      "module": "module.test_api_gateway_lambda",
      "mode": "data",
      "type": "aws_lambda_function",
      "name": "backend",
      "provider": "provider[\"registry.terraform.io/hashicorp/aws\"]",
      "instances": [
        {
          "index_key": 0,
          "schema_version": 0,
          "attributes": {
            "architectures": [
              "arm64"
            ],
            "arn": "arn:aws:lambda:us-east-1:478332897299:function:test-lambda-java",
            "code_signing_config_arn": "",
            "dead_letter_config": [],
            "description": "",
            "environment": [],
            "ephemeral_storage": [
              {
                "size": 512
              }
            ],
            "file_system_config": [],
            "function_name": "test-lambda-java",
            "handler": "lambda.SQSMessageHandler::handleRequest",
            "id": "test-lambda-java",
            "image_uri": "",
            "invoke_arn": "arn:aws:apigateway:us-east-1:lambda:path/2015-03-31/functions/arn:aws:lambda:us-east-1:478332897299:function:test-lambda-java/invocations",
            "kms_key_arn": "",
            "last_modified": "2024-03-03T03:59:39.000+0000",
            "layers": [],
            "memory_size": 128,
            "qualified_arn": "arn:aws:lambda:us-east-1:478332897299:function:test-lambda-java:4",
            "qualified_invoke_arn": "arn:aws:apigateway:us-east-1:lambda:path/2015-03-31/functions/arn:aws:lambda:us-east-1:478332897299:function:test-lambda-java:4/invocations",
            "qualifier": null,
            "reserved_concurrent_executions": -1,
            "role": "arn:aws:iam::478332897299:role/BasicLambdaExecutionRole",
            "runtime": "java21",
            "signing_job_arn": "",
            "signing_profile_version_arn": "",
            "source_code_hash": "kIp/hh6mQ/4P666QbEThTBnTLz4RoCBibVQ9W0vYJw0=",
            "source_code_size": 18153033,
            "tags": {},
            "timeout": 3,
            "tracing_config": [
              {
                "mode": "PassThrough"
              }
            ],
            "version": "4",
            "vpc_config": []
          },
          "sensitive_attributes": []
        }
      ]
    },
    {
      "module": "module.test_api_gateway_lambda",
      "mode": "managed",
      "type": "aws_api_gateway_deployment",
      "name": "this_deployment",
      "provider": "provider[\"registry.terraform.io/hashicorp/aws\"]",
      "instances": [
        {
          "index_key": 0,
          "schema_version": 0,
          "attributes": {
            "created_date": "2024-03-03T12:25:03Z",
            "description": "",
            "execution_arn": "arn:aws:execute-api:us-east-1:478332897299:4jo5uw65i3/",
            "id": "gqpgp7",
            "invoke_url": "https://4jo5uw65i3.execute-api.us-east-1.amazonaws.com/",
            "rest_api_id": "4jo5uw65i3",
            "stage_description": null,
            "stage_name": null,
            "triggers": {
              "redeployment": "8c987cce95e9fab5651581c077ee031477b6e374"
            },
            "variables": null
          },
          "sensitive_attributes": [],
          "private": "bnVsbA==",
          "dependencies": [
            "module.iam.aws_iam_role.basic_lambda_exec_role",
            "module.iam.aws_iam_role.cloudwatch_role",
            "module.iam.aws_iam_role_policy.cloudwatch",
            "module.iam.aws_iam_role_policy_attachment.dynamodb_read",
            "module.iam.aws_iam_role_policy_attachment.invoke_function",
            "module.iam.aws_iam_role_policy_attachment.lambda_policy",
            "module.iam.aws_iam_role_policy_attachment.sqs_read",
            "module.iam.aws_iam_role_policy_attachment.vpc_access",
            "module.iam.data.aws_iam_policy_document.assume_role",
            "module.iam.data.aws_iam_policy_document.cloudwatch",
            "module.iam.data.aws_iam_policy_document.exec_role_policy",
            "module.test_api_gateway_lambda.aws_api_gateway_integration.aws_proxy_integration",
            "module.test_api_gateway_lambda.aws_api_gateway_integration.http_proxy_integration",
            "module.test_api_gateway_lambda.aws_api_gateway_method.this_method",
            "module.test_api_gateway_lambda.aws_api_gateway_rest_api.this",
            "module.test_api_gateway_lambda.aws_api_gateway_vpc_link.this_vpc_link",
            "module.test_api_gateway_lambda.data.aws_lambda_alias.backend",
            "module.test_api_gateway_lambda.data.aws_lambda_function.backend"
          ],
          "create_before_destroy": true
        }
      ]
    },
    {
      "module": "module.test_api_gateway_lambda",
      "mode": "managed",
      "type": "aws_api_gateway_integration",
      "name": "aws_proxy_integration",
      "provider": "provider[\"registry.terraform.io/hashicorp/aws\"]",
      "instances": [
        {
          "index_key": 0,
          "schema_version": 0,
          "attributes": {
            "cache_key_parameters": [],
            "cache_namespace": "neipmcuvnd",
            "connection_id": "",
            "connection_type": "INTERNET",
            "content_handling": "",
            "credentials": "",
            "http_method": "ANY",
            "id": "agi-4jo5uw65i3-neipmcuvnd-ANY",
            "integration_http_method": "POST",
            "passthrough_behavior": "WHEN_NO_MATCH",
            "request_parameters": {},
            "request_templates": {},
            "resource_id": "neipmcuvnd",
            "rest_api_id": "4jo5uw65i3",
            "timeout_milliseconds": 29000,
            "tls_config": [],
            "type": "AWS_PROXY",
            "uri": "arn:aws:apigateway:us-east-1:lambda:path/2015-03-31/functions/arn:aws:lambda:us-east-1:478332897299:function:test-lambda-java:apigw-target/invocations"
          },
          "sensitive_attributes": [],
          "private": "bnVsbA==",
          "dependencies": [
            "module.iam.aws_iam_role.basic_lambda_exec_role",
            "module.iam.aws_iam_role.cloudwatch_role",
            "module.iam.aws_iam_role_policy.cloudwatch",
            "module.iam.aws_iam_role_policy_attachment.dynamodb_read",
            "module.iam.aws_iam_role_policy_attachment.invoke_function",
            "module.iam.aws_iam_role_policy_attachment.lambda_policy",
            "module.iam.aws_iam_role_policy_attachment.sqs_read",
            "module.iam.aws_iam_role_policy_attachment.vpc_access",
            "module.iam.data.aws_iam_policy_document.assume_role",
            "module.iam.data.aws_iam_policy_document.cloudwatch",
            "module.iam.data.aws_iam_policy_document.exec_role_policy",
            "module.test_api_gateway_lambda.aws_api_gateway_method.this_method",
            "module.test_api_gateway_lambda.aws_api_gateway_rest_api.this",
            "module.test_api_gateway_lambda.data.aws_lambda_alias.backend",
            "module.test_api_gateway_lambda.data.aws_lambda_function.backend"
          ],
          "create_before_destroy": true
        }
      ]
    },
    {
      "module": "module.test_api_gateway_lambda",
      "mode": "managed",
      "type": "aws_api_gateway_method",
      "name": "this_method",
      "provider": "provider[\"registry.terraform.io/hashicorp/aws\"]",
      "instances": [
        {
          "schema_version": 0,
          "attributes": {
            "api_key_required": false,
            "authorization": "NONE",
            "authorization_scopes": [],
            "authorizer_id": "",
            "http_method": "ANY",
            "id": "agm-4jo5uw65i3-neipmcuvnd-ANY",
            "operation_name": "",
            "request_models": {},
            "request_parameters": {},
            "request_validator_id": "",
            "resource_id": "neipmcuvnd",
            "rest_api_id": "4jo5uw65i3"
          },
          "sensitive_attributes": [],
          "private": "bnVsbA==",
          "dependencies": [
            "module.iam.aws_iam_role.basic_lambda_exec_role",
            "module.iam.aws_iam_role.cloudwatch_role",
            "module.iam.aws_iam_role_policy.cloudwatch",
            "module.iam.aws_iam_role_policy_attachment.dynamodb_read",
            "module.iam.aws_iam_role_policy_attachment.invoke_function",
            "module.iam.aws_iam_role_policy_attachment.lambda_policy",
            "module.iam.aws_iam_role_policy_attachment.sqs_read",
            "module.iam.aws_iam_role_policy_attachment.vpc_access",
            "module.iam.data.aws_iam_policy_document.assume_role",
            "module.iam.data.aws_iam_policy_document.cloudwatch",
            "module.iam.data.aws_iam_policy_document.exec_role_policy",
            "module.test_api_gateway_lambda.aws_api_gateway_rest_api.this"
          ],
          "create_before_destroy": true
        }
      ]
    },
    {
      "module": "module.test_api_gateway_lambda",
      "mode": "managed",
      "type": "aws_api_gateway_method_settings",
      "name": "all",
      "provider": "provider[\"registry.terraform.io/hashicorp/aws\"]",
      "instances": [
        {
          "index_key": 0,
          "schema_version": 0,
          "attributes": {
            "id": "4jo5uw65i3-test-lambda-*/*",
            "method_path": "*/*",
            "rest_api_id": "4jo5uw65i3",
            "settings": [
              {
                "cache_data_encrypted": false,
                "cache_ttl_in_seconds": 300,
                "caching_enabled": false,
                "data_trace_enabled": false,
                "logging_level": "OFF",
                "metrics_enabled": false,
                "require_authorization_for_cache_control": true,
                "throttling_burst_limit": -1,
                "throttling_rate_limit": -1,
                "unauthorized_cache_control_header_strategy": "SUCCEED_WITH_RESPONSE_HEADER"
              }
            ],
            "stage_name": "test-lambda"
          },
          "sensitive_attributes": [],
          "private": "bnVsbA==",
          "dependencies": [
            "module.iam.aws_iam_role.basic_lambda_exec_role",
            "module.iam.aws_iam_role.cloudwatch_role",
            "module.iam.aws_iam_role_policy.cloudwatch",
            "module.iam.aws_iam_role_policy_attachment.dynamodb_read",
            "module.iam.aws_iam_role_policy_attachment.invoke_function",
            "module.iam.aws_iam_role_policy_attachment.lambda_policy",
            "module.iam.aws_iam_role_policy_attachment.sqs_read",
            "module.iam.aws_iam_role_policy_attachment.vpc_access",
            "module.iam.data.aws_iam_policy_document.assume_role",
            "module.iam.data.aws_iam_policy_document.cloudwatch",
            "module.iam.data.aws_iam_policy_document.exec_role_policy",
            "module.test_api_gateway_lambda.aws_api_gateway_deployment.this_deployment",
            "module.test_api_gateway_lambda.aws_api_gateway_integration.aws_proxy_integration",
            "module.test_api_gateway_lambda.aws_api_gateway_integration.http_proxy_integration",
            "module.test_api_gateway_lambda.aws_api_gateway_method.this_method",
            "module.test_api_gateway_lambda.aws_api_gateway_rest_api.this",
            "module.test_api_gateway_lambda.aws_api_gateway_stage.this_stage",
            "module.test_api_gateway_lambda.aws_api_gateway_vpc_link.this_vpc_link",
            "module.test_api_gateway_lambda.data.aws_lambda_alias.backend",
            "module.test_api_gateway_lambda.data.aws_lambda_function.backend"
          ]
        }
      ]
    },
    {
      "module": "module.test_api_gateway_lambda",
      "mode": "managed",
      "type": "aws_api_gateway_rest_api",
      "name": "this",
      "provider": "provider[\"registry.terraform.io/hashicorp/aws\"]",
      "instances": [
        {
          "schema_version": 0,
          "attributes": {
            "api_key_source": "HEADER",
            "arn": "arn:aws:apigateway:us-east-1::/restapis/4jo5uw65i3",
            "binary_media_types": [],
            "body": null,
            "created_date": "2024-02-13T02:17:50Z",
            "description": "",
            "disable_execute_api_endpoint": false,
            "endpoint_configuration": [
              {
                "types": [
                  "REGIONAL"
                ],
                "vpc_endpoint_ids": []
              }
            ],
            "execution_arn": "arn:aws:execute-api:us-east-1:478332897299:4jo5uw65i3",
            "fail_on_warnings": null,
            "id": "4jo5uw65i3",
            "minimum_compression_size": "",
            "name": "test-lambda-api",
            "parameters": null,
            "policy": "",
            "put_rest_api_mode": null,
            "root_resource_id": "neipmcuvnd",
            "tags": {
              "Usage": "ApiGateway"
            },
            "tags_all": {
              "Usage": "ApiGateway"
            }
          },
          "sensitive_attributes": [],
          "private": "bnVsbA==",
          "dependencies": [
            "module.iam.aws_iam_role.basic_lambda_exec_role",
            "module.iam.aws_iam_role.cloudwatch_role",
            "module.iam.aws_iam_role_policy.cloudwatch",
            "module.iam.aws_iam_role_policy_attachment.dynamodb_read",
            "module.iam.aws_iam_role_policy_attachment.invoke_function",
            "module.iam.aws_iam_role_policy_attachment.lambda_policy",
            "module.iam.aws_iam_role_policy_attachment.sqs_read",
            "module.iam.aws_iam_role_policy_attachment.vpc_access",
            "module.iam.data.aws_iam_policy_document.assume_role",
            "module.iam.data.aws_iam_policy_document.cloudwatch",
            "module.iam.data.aws_iam_policy_document.exec_role_policy"
          ],
          "create_before_destroy": true
        }
      ]
    },
    {
      "module": "module.test_api_gateway_lambda",
      "mode": "managed",
      "type": "aws_api_gateway_stage",
      "name": "this_stage",
      "provider": "provider[\"registry.terraform.io/hashicorp/aws\"]",
      "instances": [
        {
          "index_key": 0,
          "schema_version": 0,
          "attributes": {
            "access_log_settings": [],
            "arn": "arn:aws:apigateway:us-east-1::/restapis/4jo5uw65i3/stages/test-lambda",
            "cache_cluster_enabled": false,
            "cache_cluster_size": "",
            "canary_settings": [],
            "client_certificate_id": "",
            "deployment_id": "gqpgp7",
            "description": "",
            "documentation_version": "",
            "execution_arn": "arn:aws:execute-api:us-east-1:478332897299:4jo5uw65i3/test-lambda",
            "id": "ags-4jo5uw65i3-test-lambda",
            "invoke_url": "https://4jo5uw65i3.execute-api.us-east-1.amazonaws.com/test-lambda",
            "rest_api_id": "4jo5uw65i3",
            "stage_name": "test-lambda",
            "tags": {
              "Usage": "ApiGateway"
            },
            "tags_all": {
              "Usage": "ApiGateway"
            },
            "variables": {},
            "web_acl_arn": "",
            "xray_tracing_enabled": false
          },
          "sensitive_attributes": [],
          "private": "bnVsbA==",
          "dependencies": [
            "module.iam.aws_iam_role.basic_lambda_exec_role",
            "module.iam.aws_iam_role.cloudwatch_role",
            "module.iam.aws_iam_role_policy.cloudwatch",
            "module.iam.aws_iam_role_policy_attachment.dynamodb_read",
            "module.iam.aws_iam_role_policy_attachment.invoke_function",
            "module.iam.aws_iam_role_policy_attachment.lambda_policy",
            "module.iam.aws_iam_role_policy_attachment.sqs_read",
            "module.iam.aws_iam_role_policy_attachment.vpc_access",
            "module.iam.data.aws_iam_policy_document.assume_role",
            "module.iam.data.aws_iam_policy_document.cloudwatch",
            "module.iam.data.aws_iam_policy_document.exec_role_policy",
            "module.test_api_gateway_lambda.aws_api_gateway_deployment.this_deployment",
            "module.test_api_gateway_lambda.aws_api_gateway_integration.aws_proxy_integration",
            "module.test_api_gateway_lambda.aws_api_gateway_integration.http_proxy_integration",
            "module.test_api_gateway_lambda.aws_api_gateway_method.this_method",
            "module.test_api_gateway_lambda.aws_api_gateway_rest_api.this",
            "module.test_api_gateway_lambda.aws_api_gateway_vpc_link.this_vpc_link",
            "module.test_api_gateway_lambda.data.aws_lambda_alias.backend",
            "module.test_api_gateway_lambda.data.aws_lambda_function.backend"
          ]
        }
      ]
    },
    {
      "module": "module.test_api_gateway_lambda",
      "mode": "managed",
      "type": "aws_lambda_permission",
      "name": "invoke_lambda",
      "provider": "provider[\"registry.terraform.io/hashicorp/aws\"]",
      "instances": [
        {
          "index_key": 0,
          "schema_version": 0,
          "attributes": {
            "action": "lambda:InvokeFunction",
            "event_source_token": null,
            "function_name": "test-lambda-java",
            "function_url_auth_type": null,
            "id": "test-lambda-java-ApiGatewayInvokeLambda",
            "principal": "apigateway.amazonaws.com",
            "principal_org_id": null,
            "qualifier": "",
            "source_account": null,
            "source_arn": null,
            "statement_id": "test-lambda-java-ApiGatewayInvokeLambda",
            "statement_id_prefix": ""
          },
          "sensitive_attributes": [],
          "private": "bnVsbA==",
          "dependencies": [
            "module.iam.aws_iam_role.basic_lambda_exec_role",
            "module.iam.aws_iam_role.cloudwatch_role",
            "module.iam.aws_iam_role_policy.cloudwatch",
            "module.iam.aws_iam_role_policy_attachment.dynamodb_read",
            "module.iam.aws_iam_role_policy_attachment.invoke_function",
            "module.iam.aws_iam_role_policy_attachment.lambda_policy",
            "module.iam.aws_iam_role_policy_attachment.sqs_read",
            "module.iam.aws_iam_role_policy_attachment.vpc_access",
            "module.iam.data.aws_iam_policy_document.assume_role",
            "module.iam.data.aws_iam_policy_document.cloudwatch",
            "module.iam.data.aws_iam_policy_document.exec_role_policy",
            "module.test_api_gateway_lambda.data.aws_lambda_function.backend"
          ]
        }
      ]
    },
    {
      "module": "module.test_api_gateway_lambda",
      "mode": "managed",
      "type": "aws_lambda_permission",
      "name": "invoke_lambda_alias",
      "provider": "provider[\"registry.terraform.io/hashicorp/aws\"]",
      "instances": [
        {
          "index_key": 0,
          "schema_version": 0,
          "attributes": {
            "action": "lambda:InvokeFunction",
            "event_source_token": null,
            "function_name": "test-lambda-java",
            "function_url_auth_type": null,
            "id": "apigw-target-ApiGatewayInvokeLambdaAlias",
            "principal": "apigateway.amazonaws.com",
            "principal_org_id": null,
            "qualifier": "apigw-target",
            "source_account": null,
            "source_arn": null,
            "statement_id": "apigw-target-ApiGatewayInvokeLambdaAlias",
            "statement_id_prefix": ""
          },
          "sensitive_attributes": [],
          "private": "bnVsbA==",
          "dependencies": [
            "module.iam.aws_iam_role.basic_lambda_exec_role",
            "module.iam.aws_iam_role.cloudwatch_role",
            "module.iam.aws_iam_role_policy.cloudwatch",
            "module.iam.aws_iam_role_policy_attachment.dynamodb_read",
            "module.iam.aws_iam_role_policy_attachment.invoke_function",
            "module.iam.aws_iam_role_policy_attachment.lambda_policy",
            "module.iam.aws_iam_role_policy_attachment.sqs_read",
            "module.iam.aws_iam_role_policy_attachment.vpc_access",
            "module.iam.data.aws_iam_policy_document.assume_role",
            "module.iam.data.aws_iam_policy_document.cloudwatch",
            "module.iam.data.aws_iam_policy_document.exec_role_policy",
            "module.test_api_gateway_lambda.data.aws_lambda_function.backend"
          ]
        }
      ]
    },
    {
      "module": "module.test_api_gateway_lambda_kotlin",
      "mode": "data",
      "type": "aws_iam_role",
      "name": "cloudwatch_role",
      "provider": "provider[\"registry.terraform.io/hashicorp/aws\"]",
      "instances": [
        {
          "schema_version": 0,
          "attributes": {
            "arn": "arn:aws:iam::478332897299:role/CloudWatchRole",
            "assume_role_policy": "{\"Version\":\"2012-10-17\",\"Statement\":[{\"Effect\":\"Allow\",\"Principal\":{\"Service\":\"apigateway.amazonaws.com\"},\"Action\":\"sts:AssumeRole\"}]}",
            "create_date": "2024-03-03T12:24:52Z",
            "description": "",
            "id": "CloudWatchRole",
            "max_session_duration": 3600,
            "name": "CloudWatchRole",
            "path": "/",
            "permissions_boundary": "",
            "role_last_used": [
              {
                "last_used_date": "",
                "region": ""
              }
            ],
            "tags": {},
            "unique_id": "AROAW6XW4ZAJ7XQVJTOQ7"
          },
          "sensitive_attributes": []
        }
      ]
    },
    {
      "module": "module.test_api_gateway_lambda_kotlin",
      "mode": "data",
      "type": "aws_lambda_alias",
      "name": "backend",
      "provider": "provider[\"registry.terraform.io/hashicorp/aws\"]",
      "instances": [
        {
          "index_key": 0,
          "schema_version": 0,
          "attributes": {
            "arn": "arn:aws:lambda:us-east-1:478332897299:function:test-lambda-kotlin:apigw-v1",
            "description": "",
            "function_name": "test-lambda-kotlin",
            "function_version": "13",
            "id": "arn:aws:lambda:us-east-1:478332897299:function:test-lambda-kotlin:apigw-v1",
            "invoke_arn": "arn:aws:apigateway:us-east-1:lambda:path/2015-03-31/functions/arn:aws:lambda:us-east-1:478332897299:function:test-lambda-kotlin:apigw-v1/invocations",
            "name": "apigw-v1"
          },
          "sensitive_attributes": []
        }
      ]
    },
    {
      "module": "module.test_api_gateway_lambda_kotlin",
      "mode": "data",
      "type": "aws_lambda_function",
      "name": "backend",
      "provider": "provider[\"registry.terraform.io/hashicorp/aws\"]",
      "instances": [
        {
          "index_key": 0,
          "schema_version": 0,
          "attributes": {
            "architectures": [
              "arm64"
            ],
            "arn": "arn:aws:lambda:us-east-1:478332897299:function:test-lambda-kotlin",
            "code_signing_config_arn": "",
            "dead_letter_config": [],
            "description": "",
            "environment": [],
            "ephemeral_storage": [
              {
                "size": 512
              }
            ],
            "file_system_config": [],
            "function_name": "test-lambda-kotlin",
            "handler": "lambda.ApiGatewayHandler::handleRequest",
            "id": "test-lambda-kotlin",
            "image_uri": "",
            "invoke_arn": "arn:aws:apigateway:us-east-1:lambda:path/2015-03-31/functions/arn:aws:lambda:us-east-1:478332897299:function:test-lambda-kotlin/invocations",
            "kms_key_arn": "",
            "last_modified": "2024-03-03T14:58:31.157+0000",
            "layers": [],
            "memory_size": 128,
            "qualified_arn": "arn:aws:lambda:us-east-1:478332897299:function:test-lambda-kotlin:13",
            "qualified_invoke_arn": "arn:aws:apigateway:us-east-1:lambda:path/2015-03-31/functions/arn:aws:lambda:us-east-1:478332897299:function:test-lambda-kotlin:13/invocations",
            "qualifier": null,
            "reserved_concurrent_executions": -1,
            "role": "arn:aws:iam::478332897299:role/BasicLambdaExecutionRole",
            "runtime": "java21",
            "signing_job_arn": "",
            "signing_profile_version_arn": "",
            "source_code_hash": "ZVn5qphGB6QV8MX03j4VaQSye9JxiqqoK3sATcd9hKY=",
            "source_code_size": 18058088,
            "tags": {},
            "timeout": 3,
            "tracing_config": [
              {
                "mode": "PassThrough"
              }
            ],
            "version": "13",
            "vpc_config": []
          },
          "sensitive_attributes": []
        }
      ]
    },
    {
      "module": "module.test_api_gateway_lambda_kotlin",
      "mode": "managed",
      "type": "aws_api_gateway_deployment",
      "name": "this_deployment",
      "provider": "provider[\"registry.terraform.io/hashicorp/aws\"]",
      "instances": [
        {
          "index_key": 0,
          "schema_version": 0,
          "attributes": {
            "created_date": "2024-03-03T15:29:21Z",
            "description": "",
            "execution_arn": "arn:aws:execute-api:us-east-1:478332897299:ln4uj8t03c/",
            "id": "qq6nh4",
            "invoke_url": "https://ln4uj8t03c.execute-api.us-east-1.amazonaws.com/",
            "rest_api_id": "ln4uj8t03c",
            "stage_description": null,
            "stage_name": null,
            "triggers": {
              "redeployment": "86135822596ce9feaafd641b2f26778d933a9dc2"
            },
            "variables": null
          },
          "sensitive_attributes": [],
          "private": "bnVsbA==",
          "dependencies": [
            "module.test_api_gateway_lambda_kotlin.aws_api_gateway_integration.aws_proxy_integration",
            "module.test_api_gateway_lambda_kotlin.aws_api_gateway_integration.http_proxy_integration",
            "module.test_api_gateway_lambda_kotlin.aws_api_gateway_method.this_method",
            "module.test_api_gateway_lambda_kotlin.aws_api_gateway_rest_api.this",
            "module.test_api_gateway_lambda_kotlin.aws_api_gateway_vpc_link.this_vpc_link",
            "module.test_api_gateway_lambda_kotlin.data.aws_lambda_alias.backend",
            "module.test_api_gateway_lambda_kotlin.data.aws_lambda_function.backend"
          ],
          "create_before_destroy": true
        }
      ]
    },
    {
      "module": "module.test_api_gateway_lambda_kotlin",
      "mode": "managed",
      "type": "aws_api_gateway_integration",
      "name": "aws_proxy_integration",
      "provider": "provider[\"registry.terraform.io/hashicorp/aws\"]",
      "instances": [
        {
          "index_key": 0,
          "schema_version": 0,
          "attributes": {
            "cache_key_parameters": [],
            "cache_namespace": "qz45ulwuw3",
            "connection_id": "",
            "connection_type": "INTERNET",
            "content_handling": "",
            "credentials": "",
            "http_method": "ANY",
            "id": "agi-ln4uj8t03c-qz45ulwuw3-ANY",
            "integration_http_method": "POST",
            "passthrough_behavior": "WHEN_NO_MATCH",
            "request_parameters": {},
            "request_templates": {},
            "resource_id": "qz45ulwuw3",
            "rest_api_id": "ln4uj8t03c",
            "timeout_milliseconds": 29000,
            "tls_config": [],
            "type": "AWS_PROXY",
            "uri": "arn:aws:apigateway:us-east-1:lambda:path/2015-03-31/functions/arn:aws:lambda:us-east-1:478332897299:function:test-lambda-kotlin:apigw-v1/invocations"
          },
          "sensitive_attributes": [],
          "private": "bnVsbA==",
          "dependencies": [
            "module.test_api_gateway_lambda_kotlin.aws_api_gateway_method.this_method",
            "module.test_api_gateway_lambda_kotlin.aws_api_gateway_rest_api.this",
            "module.test_api_gateway_lambda_kotlin.data.aws_lambda_alias.backend",
            "module.test_api_gateway_lambda_kotlin.data.aws_lambda_function.backend"
          ],
          "create_before_destroy": true
        }
      ]
    },
    {
      "module": "module.test_api_gateway_lambda_kotlin",
      "mode": "managed",
      "type": "aws_api_gateway_method",
      "name": "this_method",
      "provider": "provider[\"registry.terraform.io/hashicorp/aws\"]",
      "instances": [
        {
          "schema_version": 0,
          "attributes": {
            "api_key_required": false,
            "authorization": "NONE",
            "authorization_scopes": [],
            "authorizer_id": "",
            "http_method": "ANY",
            "id": "agm-ln4uj8t03c-qz45ulwuw3-ANY",
            "operation_name": "",
            "request_models": {},
            "request_parameters": {},
            "request_validator_id": "",
            "resource_id": "qz45ulwuw3",
            "rest_api_id": "ln4uj8t03c"
          },
          "sensitive_attributes": [],
          "private": "bnVsbA==",
          "dependencies": [
            "module.test_api_gateway_lambda_kotlin.aws_api_gateway_rest_api.this"
          ],
          "create_before_destroy": true
        }
      ]
    },
    {
      "module": "module.test_api_gateway_lambda_kotlin",
      "mode": "managed",
      "type": "aws_api_gateway_method_settings",
      "name": "all",
      "provider": "provider[\"registry.terraform.io/hashicorp/aws\"]",
      "instances": [
        {
          "index_key": 0,
          "schema_version": 0,
          "attributes": {
            "id": "ln4uj8t03c-test-lambda-kotlin-*/*",
            "method_path": "*/*",
            "rest_api_id": "ln4uj8t03c",
            "settings": [
              {
                "cache_data_encrypted": false,
                "cache_ttl_in_seconds": 300,
                "caching_enabled": false,
                "data_trace_enabled": false,
                "logging_level": "OFF",
                "metrics_enabled": false,
                "require_authorization_for_cache_control": true,
                "throttling_burst_limit": -1,
                "throttling_rate_limit": -1,
                "unauthorized_cache_control_header_strategy": "SUCCEED_WITH_RESPONSE_HEADER"
              }
            ],
            "stage_name": "test-lambda-kotlin"
          },
          "sensitive_attributes": [],
          "private": "bnVsbA==",
          "dependencies": [
            "module.test_api_gateway_lambda_kotlin.aws_api_gateway_deployment.this_deployment",
            "module.test_api_gateway_lambda_kotlin.aws_api_gateway_integration.aws_proxy_integration",
            "module.test_api_gateway_lambda_kotlin.aws_api_gateway_integration.http_proxy_integration",
            "module.test_api_gateway_lambda_kotlin.aws_api_gateway_method.this_method",
            "module.test_api_gateway_lambda_kotlin.aws_api_gateway_rest_api.this",
            "module.test_api_gateway_lambda_kotlin.aws_api_gateway_stage.this_stage",
            "module.test_api_gateway_lambda_kotlin.aws_api_gateway_vpc_link.this_vpc_link",
            "module.test_api_gateway_lambda_kotlin.data.aws_lambda_alias.backend",
            "module.test_api_gateway_lambda_kotlin.data.aws_lambda_function.backend"
          ]
        }
      ]
    },
    {
      "module": "module.test_api_gateway_lambda_kotlin",
      "mode": "managed",
      "type": "aws_api_gateway_rest_api",
      "name": "this",
      "provider": "provider[\"registry.terraform.io/hashicorp/aws\"]",
      "instances": [
        {
          "schema_version": 0,
          "attributes": {
            "api_key_source": "HEADER",
            "arn": "arn:aws:apigateway:us-east-1::/restapis/ln4uj8t03c",
            "binary_media_types": [],
            "body": null,
            "created_date": "2024-03-03T15:12:55Z",
            "description": "",
            "disable_execute_api_endpoint": false,
            "endpoint_configuration": [
              {
                "types": [
                  "REGIONAL"
                ],
                "vpc_endpoint_ids": []
              }
            ],
            "execution_arn": "arn:aws:execute-api:us-east-1:478332897299:ln4uj8t03c",
            "fail_on_warnings": null,
            "id": "ln4uj8t03c",
            "minimum_compression_size": "",
            "name": "test-lambda-api-kotlin",
            "parameters": null,
            "policy": "",
            "put_rest_api_mode": null,
            "root_resource_id": "qz45ulwuw3",
            "tags": {
              "Usage": "ApiGateway"
            },
            "tags_all": {
              "Usage": "ApiGateway"
            }
          },
          "sensitive_attributes": [],
          "private": "bnVsbA==",
          "create_before_destroy": true
        }
      ]
    },
    {
      "module": "module.test_api_gateway_lambda_kotlin",
      "mode": "managed",
      "type": "aws_api_gateway_stage",
      "name": "this_stage",
      "provider": "provider[\"registry.terraform.io/hashicorp/aws\"]",
      "instances": [
        {
          "index_key": 0,
          "schema_version": 0,
          "attributes": {
            "access_log_settings": [],
            "arn": "arn:aws:apigateway:us-east-1::/restapis/ln4uj8t03c/stages/test-lambda-kotlin",
            "cache_cluster_enabled": false,
            "cache_cluster_size": "",
            "canary_settings": [],
            "client_certificate_id": "",
            "deployment_id": "qq6nh4",
            "description": "",
            "documentation_version": "",
            "execution_arn": "arn:aws:execute-api:us-east-1:478332897299:ln4uj8t03c/test-lambda-kotlin",
            "id": "ags-ln4uj8t03c-test-lambda-kotlin",
            "invoke_url": "https://ln4uj8t03c.execute-api.us-east-1.amazonaws.com/test-lambda-kotlin",
            "rest_api_id": "ln4uj8t03c",
            "stage_name": "test-lambda-kotlin",
            "tags": {
              "Usage": "ApiGateway"
            },
            "tags_all": {
              "Usage": "ApiGateway"
            },
            "variables": {},
            "web_acl_arn": "",
            "xray_tracing_enabled": false
          },
          "sensitive_attributes": [],
          "private": "bnVsbA==",
          "dependencies": [
            "module.test_api_gateway_lambda_kotlin.aws_api_gateway_deployment.this_deployment",
            "module.test_api_gateway_lambda_kotlin.aws_api_gateway_integration.aws_proxy_integration",
            "module.test_api_gateway_lambda_kotlin.aws_api_gateway_integration.http_proxy_integration",
            "module.test_api_gateway_lambda_kotlin.aws_api_gateway_method.this_method",
            "module.test_api_gateway_lambda_kotlin.aws_api_gateway_rest_api.this",
            "module.test_api_gateway_lambda_kotlin.aws_api_gateway_vpc_link.this_vpc_link",
            "module.test_api_gateway_lambda_kotlin.data.aws_lambda_alias.backend",
            "module.test_api_gateway_lambda_kotlin.data.aws_lambda_function.backend"
          ]
        }
      ]
    },
    {
      "module": "module.test_api_gateway_lambda_kotlin",
      "mode": "managed",
      "type": "aws_lambda_permission",
      "name": "invoke_lambda",
      "provider": "provider[\"registry.terraform.io/hashicorp/aws\"]",
      "instances": [
        {
          "index_key": 0,
          "schema_version": 0,
          "attributes": {
            "action": "lambda:InvokeFunction",
            "event_source_token": null,
            "function_name": "test-lambda-kotlin",
            "function_url_auth_type": null,
            "id": "test-lambda-kotlin-ApiGatewayInvokeLambda",
            "principal": "apigateway.amazonaws.com",
            "principal_org_id": null,
            "qualifier": "",
            "source_account": null,
            "source_arn": null,
            "statement_id": "test-lambda-kotlin-ApiGatewayInvokeLambda",
            "statement_id_prefix": ""
          },
          "sensitive_attributes": [],
          "private": "bnVsbA==",
          "dependencies": [
            "module.test_api_gateway_lambda_kotlin.data.aws_lambda_function.backend"
          ]
        }
      ]
    },
    {
      "module": "module.test_api_gateway_lambda_kotlin",
      "mode": "managed",
      "type": "aws_lambda_permission",
      "name": "invoke_lambda_alias",
      "provider": "provider[\"registry.terraform.io/hashicorp/aws\"]",
      "instances": [
        {
          "index_key": 0,
          "schema_version": 0,
          "attributes": {
            "action": "lambda:InvokeFunction",
            "event_source_token": null,
            "function_name": "test-lambda-kotlin",
            "function_url_auth_type": null,
            "id": "apigw-v1-ApiGatewayInvokeLambdaAlias",
            "principal": "apigateway.amazonaws.com",
            "principal_org_id": null,
            "qualifier": "apigw-v1",
            "source_account": null,
            "source_arn": null,
            "statement_id": "apigw-v1-ApiGatewayInvokeLambdaAlias",
            "statement_id_prefix": ""
          },
          "sensitive_attributes": [],
          "private": "bnVsbA==",
          "dependencies": [
            "module.test_api_gateway_lambda_kotlin.data.aws_lambda_function.backend"
          ]
        }
      ]
    },
    {
      "module": "module.test_api_gateway_nlb",
      "mode": "data",
      "type": "aws_iam_role",
      "name": "cloudwatch_role",
      "provider": "provider[\"registry.terraform.io/hashicorp/aws\"]",
      "instances": [
        {
          "schema_version": 0,
          "attributes": {
            "arn": "arn:aws:iam::478332897299:role/CloudWatchRole",
            "assume_role_policy": "{\"Version\":\"2012-10-17\",\"Statement\":[{\"Effect\":\"Allow\",\"Principal\":{\"Service\":\"apigateway.amazonaws.com\"},\"Action\":\"sts:AssumeRole\"}]}",
            "create_date": "2024-03-03T12:24:52Z",
            "description": "",
            "id": "CloudWatchRole",
            "max_session_duration": 3600,
            "name": "CloudWatchRole",
            "path": "/",
            "permissions_boundary": "",
            "role_last_used": [
              {
                "last_used_date": "",
                "region": ""
              }
            ],
            "tags": {},
            "unique_id": "AROAW6XW4ZAJ7XQVJTOQ7"
          },
          "sensitive_attributes": []
        }
      ]
    },
    {
      "module": "module.test_api_gateway_nlb",
      "mode": "managed",
      "type": "aws_api_gateway_deployment",
      "name": "this_deployment",
      "provider": "provider[\"registry.terraform.io/hashicorp/aws\"]",
      "instances": [
        {
          "index_key": 0,
          "schema_version": 0,
          "attributes": {
            "created_date": "2024-03-03T12:24:55Z",
            "description": "",
            "execution_arn": "arn:aws:execute-api:us-east-1:478332897299:61e4e03g25/",
            "id": "vpxe4l",
            "invoke_url": "https://61e4e03g25.execute-api.us-east-1.amazonaws.com/",
            "rest_api_id": "61e4e03g25",
            "stage_description": null,
            "stage_name": null,
            "triggers": {
              "redeployment": "f76ba96e7e58b740c583dc48e2023721b0448ae8"
            },
            "variables": null
          },
          "sensitive_attributes": [],
          "private": "bnVsbA==",
          "dependencies": [
            "module.iam.aws_iam_role.basic_lambda_exec_role",
            "module.iam.aws_iam_role.cloudwatch_role",
            "module.iam.aws_iam_role_policy.cloudwatch",
            "module.iam.aws_iam_role_policy_attachment.dynamodb_read",
            "module.iam.aws_iam_role_policy_attachment.invoke_function",
            "module.iam.aws_iam_role_policy_attachment.lambda_policy",
            "module.iam.aws_iam_role_policy_attachment.sqs_read",
            "module.iam.aws_iam_role_policy_attachment.vpc_access",
            "module.iam.data.aws_iam_policy_document.assume_role",
            "module.iam.data.aws_iam_policy_document.cloudwatch",
            "module.iam.data.aws_iam_policy_document.exec_role_policy",
            "module.test_api_gateway_nlb.aws_api_gateway_integration.aws_proxy_integration",
            "module.test_api_gateway_nlb.aws_api_gateway_integration.http_proxy_integration",
            "module.test_api_gateway_nlb.aws_api_gateway_method.this_method",
            "module.test_api_gateway_nlb.aws_api_gateway_rest_api.this",
            "module.test_api_gateway_nlb.aws_api_gateway_vpc_link.this_vpc_link",
            "module.test_api_gateway_nlb.data.aws_lambda_alias.backend",
            "module.test_api_gateway_nlb.data.aws_lambda_function.backend"
          ],
          "create_before_destroy": true
        }
      ]
    },
    {
      "module": "module.test_api_gateway_nlb",
      "mode": "managed",
      "type": "aws_api_gateway_integration",
      "name": "http_proxy_integration",
      "provider": "provider[\"registry.terraform.io/hashicorp/aws\"]",
      "instances": [
        {
          "index_key": 0,
          "schema_version": 0,
          "attributes": {
            "cache_key_parameters": [],
            "cache_namespace": "ezlsmnir39",
            "connection_id": "2qe3wm",
            "connection_type": "VPC_LINK",
            "content_handling": "",
            "credentials": "",
            "http_method": "ANY",
            "id": "agi-61e4e03g25-ezlsmnir39-ANY",
            "integration_http_method": "ANY",
            "passthrough_behavior": "WHEN_NO_MATCH",
            "request_parameters": {},
            "request_templates": {},
            "resource_id": "ezlsmnir39",
            "rest_api_id": "61e4e03g25",
            "timeout_milliseconds": 29000,
            "tls_config": [],
            "type": "HTTP_PROXY",
            "uri": "http://vpclink-test-nlb-api.us-east-1.amazonaws.com"
          },
          "sensitive_attributes": [],
          "private": "bnVsbA==",
          "dependencies": [
            "module.iam.aws_iam_role.basic_lambda_exec_role",
            "module.iam.aws_iam_role.cloudwatch_role",
            "module.iam.aws_iam_role_policy.cloudwatch",
            "module.iam.aws_iam_role_policy_attachment.dynamodb_read",
            "module.iam.aws_iam_role_policy_attachment.invoke_function",
            "module.iam.aws_iam_role_policy_attachment.lambda_policy",
            "module.iam.aws_iam_role_policy_attachment.sqs_read",
            "module.iam.aws_iam_role_policy_attachment.vpc_access",
            "module.iam.data.aws_iam_policy_document.assume_role",
            "module.iam.data.aws_iam_policy_document.cloudwatch",
            "module.iam.data.aws_iam_policy_document.exec_role_policy",
            "module.test_api_gateway_nlb.aws_api_gateway_method.this_method",
            "module.test_api_gateway_nlb.aws_api_gateway_rest_api.this",
            "module.test_api_gateway_nlb.aws_api_gateway_vpc_link.this_vpc_link"
          ],
          "create_before_destroy": true
        }
      ]
    },
    {
      "module": "module.test_api_gateway_nlb",
      "mode": "managed",
      "type": "aws_api_gateway_method",
      "name": "this_method",
      "provider": "provider[\"registry.terraform.io/hashicorp/aws\"]",
      "instances": [
        {
          "schema_version": 0,
          "attributes": {
            "api_key_required": false,
            "authorization": "NONE",
            "authorization_scopes": [],
            "authorizer_id": "",
            "http_method": "ANY",
            "id": "agm-61e4e03g25-ezlsmnir39-ANY",
            "operation_name": "",
            "request_models": {},
            "request_parameters": {},
            "request_validator_id": "",
            "resource_id": "ezlsmnir39",
            "rest_api_id": "61e4e03g25"
          },
          "sensitive_attributes": [],
          "private": "bnVsbA==",
          "dependencies": [
            "module.iam.aws_iam_role.basic_lambda_exec_role",
            "module.iam.aws_iam_role.cloudwatch_role",
            "module.iam.aws_iam_role_policy.cloudwatch",
            "module.iam.aws_iam_role_policy_attachment.dynamodb_read",
            "module.iam.aws_iam_role_policy_attachment.invoke_function",
            "module.iam.aws_iam_role_policy_attachment.lambda_policy",
            "module.iam.aws_iam_role_policy_attachment.sqs_read",
            "module.iam.aws_iam_role_policy_attachment.vpc_access",
            "module.iam.data.aws_iam_policy_document.assume_role",
            "module.iam.data.aws_iam_policy_document.cloudwatch",
            "module.iam.data.aws_iam_policy_document.exec_role_policy",
            "module.test_api_gateway_nlb.aws_api_gateway_rest_api.this"
          ],
          "create_before_destroy": true
        }
      ]
    },
    {
      "module": "module.test_api_gateway_nlb",
      "mode": "managed",
      "type": "aws_api_gateway_method_settings",
      "name": "all",
      "provider": "provider[\"registry.terraform.io/hashicorp/aws\"]",
      "instances": [
        {
          "index_key": 0,
          "schema_version": 0,
          "attributes": {
            "id": "61e4e03g25-test-nlb-*/*",
            "method_path": "*/*",
            "rest_api_id": "61e4e03g25",
            "settings": [
              {
                "cache_data_encrypted": false,
                "cache_ttl_in_seconds": 300,
                "caching_enabled": false,
                "data_trace_enabled": false,
                "logging_level": "OFF",
                "metrics_enabled": false,
                "require_authorization_for_cache_control": true,
                "throttling_burst_limit": -1,
                "throttling_rate_limit": -1,
                "unauthorized_cache_control_header_strategy": "SUCCEED_WITH_RESPONSE_HEADER"
              }
            ],
            "stage_name": "test-nlb"
          },
          "sensitive_attributes": [],
          "private": "bnVsbA==",
          "dependencies": [
            "module.iam.aws_iam_role.basic_lambda_exec_role",
            "module.iam.aws_iam_role.cloudwatch_role",
            "module.iam.aws_iam_role_policy.cloudwatch",
            "module.iam.aws_iam_role_policy_attachment.dynamodb_read",
            "module.iam.aws_iam_role_policy_attachment.invoke_function",
            "module.iam.aws_iam_role_policy_attachment.lambda_policy",
            "module.iam.aws_iam_role_policy_attachment.sqs_read",
            "module.iam.aws_iam_role_policy_attachment.vpc_access",
            "module.iam.data.aws_iam_policy_document.assume_role",
            "module.iam.data.aws_iam_policy_document.cloudwatch",
            "module.iam.data.aws_iam_policy_document.exec_role_policy",
            "module.test_api_gateway_nlb.aws_api_gateway_deployment.this_deployment",
            "module.test_api_gateway_nlb.aws_api_gateway_integration.aws_proxy_integration",
            "module.test_api_gateway_nlb.aws_api_gateway_integration.http_proxy_integration",
            "module.test_api_gateway_nlb.aws_api_gateway_method.this_method",
            "module.test_api_gateway_nlb.aws_api_gateway_rest_api.this",
            "module.test_api_gateway_nlb.aws_api_gateway_stage.this_stage",
            "module.test_api_gateway_nlb.aws_api_gateway_vpc_link.this_vpc_link",
            "module.test_api_gateway_nlb.data.aws_lambda_alias.backend",
            "module.test_api_gateway_nlb.data.aws_lambda_function.backend"
          ]
        }
      ]
    },
    {
      "module": "module.test_api_gateway_nlb",
      "mode": "managed",
      "type": "aws_api_gateway_rest_api",
      "name": "this",
      "provider": "provider[\"registry.terraform.io/hashicorp/aws\"]",
      "instances": [
        {
          "schema_version": 0,
          "attributes": {
            "api_key_source": "HEADER",
            "arn": "arn:aws:apigateway:us-east-1::/restapis/61e4e03g25",
            "binary_media_types": [],
            "body": null,
            "created_date": "2024-02-13T03:24:51Z",
            "description": "",
            "disable_execute_api_endpoint": false,
            "endpoint_configuration": [
              {
                "types": [
                  "REGIONAL"
                ],
                "vpc_endpoint_ids": []
              }
            ],
            "execution_arn": "arn:aws:execute-api:us-east-1:478332897299:61e4e03g25",
            "fail_on_warnings": null,
            "id": "61e4e03g25",
            "minimum_compression_size": "",
            "name": "test-nlb-api",
            "parameters": null,
            "policy": "",
            "put_rest_api_mode": null,
            "root_resource_id": "ezlsmnir39",
            "tags": {
              "Usage": "ApiGateway"
            },
            "tags_all": {
              "Usage": "ApiGateway"
            }
          },
          "sensitive_attributes": [],
          "private": "bnVsbA==",
          "dependencies": [
            "module.iam.aws_iam_role.basic_lambda_exec_role",
            "module.iam.aws_iam_role.cloudwatch_role",
            "module.iam.aws_iam_role_policy.cloudwatch",
            "module.iam.aws_iam_role_policy_attachment.dynamodb_read",
            "module.iam.aws_iam_role_policy_attachment.invoke_function",
            "module.iam.aws_iam_role_policy_attachment.lambda_policy",
            "module.iam.aws_iam_role_policy_attachment.sqs_read",
            "module.iam.aws_iam_role_policy_attachment.vpc_access",
            "module.iam.data.aws_iam_policy_document.assume_role",
            "module.iam.data.aws_iam_policy_document.cloudwatch",
            "module.iam.data.aws_iam_policy_document.exec_role_policy"
          ],
          "create_before_destroy": true
        }
      ]
    },
    {
      "module": "module.test_api_gateway_nlb",
      "mode": "managed",
      "type": "aws_api_gateway_stage",
      "name": "this_stage",
      "provider": "provider[\"registry.terraform.io/hashicorp/aws\"]",
      "instances": [
        {
          "index_key": 0,
          "schema_version": 0,
          "attributes": {
            "access_log_settings": [],
            "arn": "arn:aws:apigateway:us-east-1::/restapis/61e4e03g25/stages/test-nlb",
            "cache_cluster_enabled": false,
            "cache_cluster_size": "",
            "canary_settings": [],
            "client_certificate_id": "",
            "deployment_id": "vpxe4l",
            "description": "",
            "documentation_version": "",
            "execution_arn": "arn:aws:execute-api:us-east-1:478332897299:61e4e03g25/test-nlb",
            "id": "ags-61e4e03g25-test-nlb",
            "invoke_url": "https://61e4e03g25.execute-api.us-east-1.amazonaws.com/test-nlb",
            "rest_api_id": "61e4e03g25",
            "stage_name": "test-nlb",
            "tags": {
              "Usage": "ApiGateway"
            },
            "tags_all": {
              "Usage": "ApiGateway"
            },
            "variables": {},
            "web_acl_arn": "",
            "xray_tracing_enabled": false
          },
          "sensitive_attributes": [],
          "private": "bnVsbA==",
          "dependencies": [
            "module.iam.aws_iam_role.basic_lambda_exec_role",
            "module.iam.aws_iam_role.cloudwatch_role",
            "module.iam.aws_iam_role_policy.cloudwatch",
            "module.iam.aws_iam_role_policy_attachment.dynamodb_read",
            "module.iam.aws_iam_role_policy_attachment.invoke_function",
            "module.iam.aws_iam_role_policy_attachment.lambda_policy",
            "module.iam.aws_iam_role_policy_attachment.sqs_read",
            "module.iam.aws_iam_role_policy_attachment.vpc_access",
            "module.iam.data.aws_iam_policy_document.assume_role",
            "module.iam.data.aws_iam_policy_document.cloudwatch",
            "module.iam.data.aws_iam_policy_document.exec_role_policy",
            "module.test_api_gateway_nlb.aws_api_gateway_deployment.this_deployment",
            "module.test_api_gateway_nlb.aws_api_gateway_integration.aws_proxy_integration",
            "module.test_api_gateway_nlb.aws_api_gateway_integration.http_proxy_integration",
            "module.test_api_gateway_nlb.aws_api_gateway_method.this_method",
            "module.test_api_gateway_nlb.aws_api_gateway_rest_api.this",
            "module.test_api_gateway_nlb.aws_api_gateway_vpc_link.this_vpc_link",
            "module.test_api_gateway_nlb.data.aws_lambda_alias.backend",
            "module.test_api_gateway_nlb.data.aws_lambda_function.backend"
          ]
        }
      ]
    },
    {
      "module": "module.test_api_gateway_nlb",
      "mode": "managed",
      "type": "aws_api_gateway_vpc_link",
      "name": "this_vpc_link",
      "provider": "provider[\"registry.terraform.io/hashicorp/aws\"]",
      "instances": [
        {
          "index_key": 0,
          "schema_version": 0,
          "attributes": {
            "arn": "arn:aws:apigateway:us-east-1::/vpclinks/2qe3wm",
            "description": "",
            "id": "2qe3wm",
            "name": "test-nlb-api-vpc-link",
            "tags": {
              "Name": "test-nlb-api-vpc-link",
              "Usage": "ApiGateway"
            },
            "tags_all": {
              "Name": "test-nlb-api-vpc-link",
              "Usage": "ApiGateway"
            },
            "target_arns": [
              "arn:aws:elasticloadbalancing:us-east-1:478332897299:loadbalancer/net/test-private-nlb/0322a5d39bafd2c2"
            ]
          },
          "sensitive_attributes": [],
          "private": "bnVsbA==",
          "dependencies": [
            "module.iam.aws_iam_role.basic_lambda_exec_role",
            "module.iam.aws_iam_role.cloudwatch_role",
            "module.iam.aws_iam_role_policy.cloudwatch",
            "module.iam.aws_iam_role_policy_attachment.dynamodb_read",
            "module.iam.aws_iam_role_policy_attachment.invoke_function",
            "module.iam.aws_iam_role_policy_attachment.lambda_policy",
            "module.iam.aws_iam_role_policy_attachment.sqs_read",
            "module.iam.aws_iam_role_policy_attachment.vpc_access",
            "module.iam.data.aws_iam_policy_document.assume_role",
            "module.iam.data.aws_iam_policy_document.cloudwatch",
            "module.iam.data.aws_iam_policy_document.exec_role_policy"
          ],
          "create_before_destroy": true
        }
      ]
    },
    {
      "module": "module.test_lambda",
      "mode": "data",
      "type": "aws_iam_role",
      "name": "lambda_basic_execution_role",
      "provider": "provider[\"registry.terraform.io/hashicorp/aws\"]",
      "instances": [
        {
          "schema_version": 0,
          "attributes": {
            "arn": "arn:aws:iam::478332897299:role/BasicLambdaExecutionRole",
            "assume_role_policy": "{\"Version\":\"2012-10-17\",\"Statement\":[{\"Sid\":\"LambdaExecutionRole\",\"Effect\":\"Allow\",\"Principal\":{\"Service\":\"lambda.amazonaws.com\"},\"Action\":\"sts:AssumeRole\"}]}",
            "create_date": "2024-03-03T04:59:57Z",
            "description": "",
            "id": "BasicLambdaExecutionRole",
            "max_session_duration": 3600,
            "name": "BasicLambdaExecutionRole",
            "path": "/",
            "permissions_boundary": "",
            "role_last_used": [
              {
                "last_used_date": "2024-03-04T05:24:58Z",
                "region": "us-east-1"
              }
            ],
            "tags": {},
            "unique_id": "AROAW6XW4ZAJ7ZVAOI6MT"
          },
          "sensitive_attributes": []
        }
      ]
    },
    {
      "module": "module.test_lambda",
      "mode": "managed",
      "type": "aws_lambda_event_source_mapping",
      "name": "sqs_event",
      "provider": "provider[\"registry.terraform.io/hashicorp/aws\"]",
      "instances": [
        {
          "index_key": 0,
          "schema_version": 0,
          "attributes": {
            "amazon_managed_kafka_event_source_config": [],
            "batch_size": 10,
            "bisect_batch_on_function_error": false,
            "destination_config": [],
            "document_db_event_source_config": [],
            "enabled": true,
            "event_source_arn": "arn:aws:sqs:us-east-1:478332897299:test-queue",
            "filter_criteria": [],
            "function_arn": "arn:aws:lambda:us-east-1:478332897299:function:test-lambda-java",
            "function_name": "arn:aws:lambda:us-east-1:478332897299:function:test-lambda-java",
            "function_response_types": [
              "ReportBatchItemFailures"
            ],
            "id": "1afe7055-04ed-4a85-a154-8ca275101e50",
            "last_modified": "2024-02-04T14:53:31Z",
            "last_processing_result": "",
            "maximum_batching_window_in_seconds": 0,
            "maximum_record_age_in_seconds": 0,
            "maximum_retry_attempts": 0,
            "parallelization_factor": 0,
            "queues": [],
            "scaling_config": [],
            "self_managed_event_source": [],
            "self_managed_kafka_event_source_config": [],
            "source_access_configuration": [],
            "starting_position": "",
            "starting_position_timestamp": "",
            "state": "Enabled",
            "state_transition_reason": "USER_INITIATED",
            "topics": [],
            "tumbling_window_in_seconds": 0,
            "uuid": "1afe7055-04ed-4a85-a154-8ca275101e50"
          },
          "sensitive_attributes": [],
          "private": "bnVsbA==",
          "dependencies": [
            "data.aws_sqs_queue.test_queue",
            "module.iam.aws_iam_role.basic_lambda_exec_role",
            "module.iam.aws_iam_role.cloudwatch_role",
            "module.iam.aws_iam_role_policy.cloudwatch",
            "module.iam.aws_iam_role_policy_attachment.dynamodb_read",
            "module.iam.aws_iam_role_policy_attachment.invoke_function",
            "module.iam.aws_iam_role_policy_attachment.lambda_policy",
            "module.iam.aws_iam_role_policy_attachment.sqs_read",
            "module.iam.aws_iam_role_policy_attachment.vpc_access",
            "module.iam.data.aws_iam_policy_document.assume_role",
            "module.iam.data.aws_iam_policy_document.cloudwatch",
            "module.iam.data.aws_iam_policy_document.exec_role_policy",
            "module.test_lambda.aws_lambda_function.this",
            "module.test_lambda.aws_security_group.vpc_access_sg",
            "module.test_lambda.data.aws_iam_role.lambda_basic_execution_role",
            "module.test_lambda.data.aws_vpc.target"
          ]
        }
      ]
    },
    {
      "module": "module.test_lambda",
      "mode": "managed",
      "type": "aws_lambda_function",
      "name": "this",
      "provider": "provider[\"registry.terraform.io/hashicorp/aws\"]",
      "instances": [
        {
          "schema_version": 0,
          "attributes": {
            "architectures": [
              "arm64"
            ],
            "arn": "arn:aws:lambda:us-east-1:478332897299:function:test-lambda-java",
            "code_signing_config_arn": "",
            "dead_letter_config": [],
            "description": "",
            "environment": [],
            "ephemeral_storage": [
              {
                "size": 512
              }
            ],
            "file_system_config": [],
            "filename": "./lambda/lambda-1.0-SNAPSHOT.jar",
            "function_name": "test-lambda-java",
            "handler": "lambda.SQSMessageHandler::handleRequest",
            "id": "test-lambda-java",
            "image_config": [],
            "image_uri": "",
            "invoke_arn": "arn:aws:apigateway:us-east-1:lambda:path/2015-03-31/functions/arn:aws:lambda:us-east-1:478332897299:function:test-lambda-java/invocations",
            "kms_key_arn": "",
            "last_modified": "2024-03-03T15:29:21.544+0000",
            "layers": [],
            "memory_size": 128,
            "package_type": "Zip",
            "publish": false,
            "qualified_arn": "arn:aws:lambda:us-east-1:478332897299:function:test-lambda-java:4",
            "qualified_invoke_arn": "arn:aws:apigateway:us-east-1:lambda:path/2015-03-31/functions/arn:aws:lambda:us-east-1:478332897299:function:test-lambda-java:4/invocations",
            "replace_security_groups_on_destroy": null,
            "replacement_security_group_ids": null,
            "reserved_concurrent_executions": -1,
            "role": "arn:aws:iam::478332897299:role/BasicLambdaExecutionRole",
            "runtime": "java21",
            "s3_bucket": null,
            "s3_key": null,
            "s3_object_version": null,
            "signing_job_arn": "",
            "signing_profile_version_arn": "",
            "skip_destroy": false,
            "snap_start": [],
            "source_code_hash": "kIp/hh6mQ/4P666QbEThTBnTLz4RoCBibVQ9W0vYJw0=",
            "source_code_size": 18153033,
            "tags": {
              "Name": "test-lambda-java"
            },
            "tags_all": {
              "Name": "test-lambda-java"
            },
            "timeout": 3,
            "timeouts": null,
            "tracing_config": [
              {
                "mode": "PassThrough"
              }
            ],
            "version": "4",
            "vpc_config": []
          },
          "sensitive_attributes": [],
          "private": "eyJlMmJmYjczMC1lY2FhLTExZTYtOGY4OC0zNDM2M2JjN2M0YzAiOnsiY3JlYXRlIjo2MDAwMDAwMDAwMDAsImRlbGV0ZSI6NjAwMDAwMDAwMDAwLCJ1cGRhdGUiOjYwMDAwMDAwMDAwMH19",
          "dependencies": [
            "module.iam.aws_iam_role.basic_lambda_exec_role",
            "module.iam.aws_iam_role.cloudwatch_role",
            "module.iam.aws_iam_role_policy.cloudwatch",
            "module.iam.aws_iam_role_policy_attachment.dynamodb_read",
            "module.iam.aws_iam_role_policy_attachment.invoke_function",
            "module.iam.aws_iam_role_policy_attachment.lambda_policy",
            "module.iam.aws_iam_role_policy_attachment.sqs_read",
            "module.iam.aws_iam_role_policy_attachment.vpc_access",
            "module.iam.data.aws_iam_policy_document.assume_role",
            "module.iam.data.aws_iam_policy_document.cloudwatch",
            "module.iam.data.aws_iam_policy_document.exec_role_policy",
            "module.test_lambda.aws_security_group.vpc_access_sg",
            "module.test_lambda.data.aws_iam_role.lambda_basic_execution_role",
            "module.test_lambda.data.aws_vpc.target"
          ]
        }
      ]
    },
    {
      "module": "module.test_lambda",
      "mode": "managed",
      "type": "aws_lambda_function_url",
      "name": "this_url",
      "provider": "provider[\"registry.terraform.io/hashicorp/aws\"]",
      "instances": [
        {
          "schema_version": 0,
          "attributes": {
            "authorization_type": "NONE",
            "cors": [],
            "function_arn": "arn:aws:lambda:us-east-1:478332897299:function:test-lambda-java",
            "function_name": "test-lambda-java",
            "function_url": "https://34esn6qmenlcoyununhr5qg4zi0hhjhg.lambda-url.us-east-1.on.aws/",
            "id": "test-lambda-java",
            "invoke_mode": "BUFFERED",
            "qualifier": "",
            "timeouts": null,
            "url_id": "34esn6qmenlcoyununhr5qg4zi0hhjhg"
          },
          "sensitive_attributes": [],
          "private": "eyJlMmJmYjczMC1lY2FhLTExZTYtOGY4OC0zNDM2M2JjN2M0YzAiOnsiY3JlYXRlIjo2MDAwMDAwMDAwMDB9fQ==",
          "dependencies": [
            "module.iam.aws_iam_role.basic_lambda_exec_role",
            "module.iam.aws_iam_role.cloudwatch_role",
            "module.iam.aws_iam_role_policy.cloudwatch",
            "module.iam.aws_iam_role_policy_attachment.dynamodb_read",
            "module.iam.aws_iam_role_policy_attachment.invoke_function",
            "module.iam.aws_iam_role_policy_attachment.lambda_policy",
            "module.iam.aws_iam_role_policy_attachment.sqs_read",
            "module.iam.aws_iam_role_policy_attachment.vpc_access",
            "module.iam.data.aws_iam_policy_document.assume_role",
            "module.iam.data.aws_iam_policy_document.cloudwatch",
            "module.iam.data.aws_iam_policy_document.exec_role_policy",
            "module.test_lambda.aws_lambda_function.this",
            "module.test_lambda.aws_security_group.vpc_access_sg",
            "module.test_lambda.data.aws_iam_role.lambda_basic_execution_role",
            "module.test_lambda.data.aws_vpc.target"
          ]
        }
      ]
    },
    {
      "module": "module.test_lambda_kotlin",
      "mode": "data",
      "type": "aws_iam_role",
      "name": "lambda_basic_execution_role",
      "provider": "provider[\"registry.terraform.io/hashicorp/aws\"]",
      "instances": [
        {
          "schema_version": 0,
          "attributes": {
            "arn": "arn:aws:iam::478332897299:role/BasicLambdaExecutionRole",
            "assume_role_policy": "{\"Version\":\"2012-10-17\",\"Statement\":[{\"Sid\":\"LambdaExecutionRole\",\"Effect\":\"Allow\",\"Principal\":{\"Service\":\"lambda.amazonaws.com\"},\"Action\":\"sts:AssumeRole\"}]}",
            "create_date": "2024-03-03T04:59:57Z",
            "description": "",
            "id": "BasicLambdaExecutionRole",
            "max_session_duration": 3600,
            "name": "BasicLambdaExecutionRole",
            "path": "/",
            "permissions_boundary": "",
            "role_last_used": [
              {
                "last_used_date": "2024-03-04T05:24:58Z",
                "region": "us-east-1"
              }
            ],
            "tags": {},
            "unique_id": "AROAW6XW4ZAJ7ZVAOI6MT"
          },
          "sensitive_attributes": []
        }
      ]
    },
    {
      "module": "module.test_lambda_kotlin",
      "mode": "managed",
      "type": "aws_lambda_function",
      "name": "this",
      "provider": "provider[\"registry.terraform.io/hashicorp/aws\"]",
      "instances": [
        {
          "schema_version": 0,
          "attributes": {
            "architectures": [
              "arm64"
            ],
            "arn": "arn:aws:lambda:us-east-1:478332897299:function:test-lambda-kotlin",
            "code_signing_config_arn": "",
            "dead_letter_config": [],
            "description": "",
            "environment": [],
            "ephemeral_storage": [
              {
                "size": 512
              }
            ],
            "file_system_config": [],
            "filename": "./lambda/KotlinLambda-1.0-SNAPSHOT-jar-with-dependencies.jar",
            "function_name": "test-lambda-kotlin",
            "handler": "lambda.ApiGatewayHandler::handleRequest",
            "id": "test-lambda-kotlin",
            "image_config": [],
            "image_uri": "",
            "invoke_arn": "arn:aws:apigateway:us-east-1:lambda:path/2015-03-31/functions/arn:aws:lambda:us-east-1:478332897299:function:test-lambda-kotlin/invocations",
            "kms_key_arn": "",
            "last_modified": "2024-03-03T15:29:21.534+0000",
            "layers": [],
            "memory_size": 128,
            "package_type": "Zip",
            "publish": true,
            "qualified_arn": "arn:aws:lambda:us-east-1:478332897299:function:test-lambda-kotlin:13",
            "qualified_invoke_arn": "arn:aws:apigateway:us-east-1:lambda:path/2015-03-31/functions/arn:aws:lambda:us-east-1:478332897299:function:test-lambda-kotlin:13/invocations",
            "replace_security_groups_on_destroy": null,
            "replacement_security_group_ids": null,
            "reserved_concurrent_executions": -1,
            "role": "arn:aws:iam::478332897299:role/BasicLambdaExecutionRole",
            "runtime": "java21",
            "s3_bucket": null,
            "s3_key": null,
            "s3_object_version": null,
            "signing_job_arn": "",
            "signing_profile_version_arn": "",
            "skip_destroy": false,
            "snap_start": [],
            "source_code_hash": "ZVn5qphGB6QV8MX03j4VaQSye9JxiqqoK3sATcd9hKY=",
            "source_code_size": 18058088,
            "tags": {
              "Name": "test-lambda-kotlin"
            },
            "tags_all": {
              "Name": "test-lambda-kotlin"
            },
            "timeout": 3,
            "timeouts": null,
            "tracing_config": [
              {
                "mode": "PassThrough"
              }
            ],
            "version": "13",
            "vpc_config": []
          },
          "sensitive_attributes": [],
          "private": "eyJlMmJmYjczMC1lY2FhLTExZTYtOGY4OC0zNDM2M2JjN2M0YzAiOnsiY3JlYXRlIjo2MDAwMDAwMDAwMDAsImRlbGV0ZSI6NjAwMDAwMDAwMDAwLCJ1cGRhdGUiOjYwMDAwMDAwMDAwMH19",
          "dependencies": [
            "module.iam.aws_iam_role.basic_lambda_exec_role",
            "module.iam.aws_iam_role.cloudwatch_role",
            "module.iam.aws_iam_role_policy.cloudwatch",
            "module.iam.aws_iam_role_policy_attachment.dynamodb_read",
            "module.iam.aws_iam_role_policy_attachment.invoke_function",
            "module.iam.aws_iam_role_policy_attachment.lambda_policy",
            "module.iam.aws_iam_role_policy_attachment.sqs_read",
            "module.iam.aws_iam_role_policy_attachment.vpc_access",
            "module.iam.data.aws_iam_policy_document.assume_role",
            "module.iam.data.aws_iam_policy_document.cloudwatch",
            "module.iam.data.aws_iam_policy_document.exec_role_policy",
            "module.test_lambda_kotlin.aws_security_group.vpc_access_sg",
            "module.test_lambda_kotlin.data.aws_iam_role.lambda_basic_execution_role",
            "module.test_lambda_kotlin.data.aws_vpc.target"
          ]
        }
      ]
    },
    {
      "module": "module.test_lambda_kotlin",
      "mode": "managed",
      "type": "aws_lambda_function_url",
      "name": "this_url",
      "provider": "provider[\"registry.terraform.io/hashicorp/aws\"]",
      "instances": [
        {
          "schema_version": 0,
          "attributes": {
            "authorization_type": "NONE",
            "cors": [],
            "function_arn": "arn:aws:lambda:us-east-1:478332897299:function:test-lambda-kotlin",
            "function_name": "test-lambda-kotlin",
            "function_url": "https://x5hv3tew5omxbgmzuvtcj7ai5m0qtdqs.lambda-url.us-east-1.on.aws/",
            "id": "test-lambda-kotlin",
            "invoke_mode": "BUFFERED",
            "qualifier": "",
            "timeouts": null,
            "url_id": "x5hv3tew5omxbgmzuvtcj7ai5m0qtdqs"
          },
          "sensitive_attributes": [],
          "private": "eyJlMmJmYjczMC1lY2FhLTExZTYtOGY4OC0zNDM2M2JjN2M0YzAiOnsiY3JlYXRlIjo2MDAwMDAwMDAwMDB9fQ==",
          "dependencies": [
            "module.iam.aws_iam_role.basic_lambda_exec_role",
            "module.iam.aws_iam_role.cloudwatch_role",
            "module.iam.aws_iam_role_policy.cloudwatch",
            "module.iam.aws_iam_role_policy_attachment.dynamodb_read",
            "module.iam.aws_iam_role_policy_attachment.invoke_function",
            "module.iam.aws_iam_role_policy_attachment.lambda_policy",
            "module.iam.aws_iam_role_policy_attachment.sqs_read",
            "module.iam.aws_iam_role_policy_attachment.vpc_access",
            "module.iam.data.aws_iam_policy_document.assume_role",
            "module.iam.data.aws_iam_policy_document.cloudwatch",
            "module.iam.data.aws_iam_policy_document.exec_role_policy",
            "module.test_lambda_kotlin.aws_lambda_function.this",
            "module.test_lambda_kotlin.aws_security_group.vpc_access_sg",
            "module.test_lambda_kotlin.data.aws_iam_role.lambda_basic_execution_role",
            "module.test_lambda_kotlin.data.aws_vpc.target"
          ]
        }
      ]
    },
    {
      "module": "module.test_lambda_kotlin",
      "mode": "managed",
      "type": "null_resource",
      "name": "function_alias",
      "provider": "provider[\"registry.terraform.io/hashicorp/null\"]",
      "instances": [
        {
          "index_key": 0,
          "schema_version": 0,
          "attributes": {
            "id": "2997947803090559591",
            "triggers": {
              "lambda_version": "13"
            }
          },
          "sensitive_attributes": [],
          "dependencies": [
            "module.iam.aws_iam_role.basic_lambda_exec_role",
            "module.iam.aws_iam_role.cloudwatch_role",
            "module.iam.aws_iam_role_policy.cloudwatch",
            "module.iam.aws_iam_role_policy_attachment.dynamodb_read",
            "module.iam.aws_iam_role_policy_attachment.invoke_function",
            "module.iam.aws_iam_role_policy_attachment.lambda_policy",
            "module.iam.aws_iam_role_policy_attachment.sqs_read",
            "module.iam.aws_iam_role_policy_attachment.vpc_access",
            "module.iam.data.aws_iam_policy_document.assume_role",
            "module.iam.data.aws_iam_policy_document.cloudwatch",
            "module.iam.data.aws_iam_policy_document.exec_role_policy",
            "module.test_lambda_kotlin.aws_lambda_function.this",
            "module.test_lambda_kotlin.aws_security_group.vpc_access_sg",
            "module.test_lambda_kotlin.data.aws_iam_role.lambda_basic_execution_role",
            "module.test_lambda_kotlin.data.aws_vpc.target"
          ]
        }
      ]
    }
  ],
  "check_results": [
    {
      "object_kind": "var",
      "config_addr": "module.test_lambda.var.architectures",
      "status": "pass",
      "objects": [
        {
          "object_addr": "module.test_lambda.var.architectures",
          "status": "pass"
        }
      ]
    },
    {
      "object_kind": "var",
      "config_addr": "module.test_api_gateway_lambda.var.integration_type",
      "status": "pass",
      "objects": [
        {
          "object_addr": "module.test_api_gateway_lambda.var.integration_type",
          "status": "pass"
        }
      ]
    },
    {
      "object_kind": "var",
      "config_addr": "module.mysql_single.var.storage_type",
      "status": "pass",
      "objects": [
        {
          "object_addr": "module.mysql_single.var.storage_type",
          "status": "pass"
        }
      ]
    },
    {
      "object_kind": "var",
      "config_addr": "module.test_lambda.var.function_url",
      "status": "unknown",
      "objects": [
        {
          "object_addr": "module.test_lambda.var.function_url",
          "status": "unknown"
        }
      ]
    },
    {
      "object_kind": "var",
      "config_addr": "module.private-nlb.var.lb_type",
      "status": "unknown",
      "objects": [
        {
          "object_addr": "module.private-nlb.var.lb_type",
          "status": "unknown"
        }
      ]
    },
    {
      "object_kind": "var",
      "config_addr": "module.test_lambda_kotlin.var.architectures",
      "status": "pass",
      "objects": [
        {
          "object_addr": "module.test_lambda_kotlin.var.architectures",
          "status": "pass"
        }
      ]
    },
    {
      "object_kind": "var",
      "config_addr": "module.test_api_gateway_nlb.var.authorization",
      "status": "pass",
      "objects": [
        {
          "object_addr": "module.test_api_gateway_nlb.var.authorization",
          "status": "pass"
        }
      ]
    },
    {
      "object_kind": "resource",
      "config_addr": "module.test_lambda.aws_lambda_function.this",
      "status": "pass",
      "objects": [
        {
          "object_addr": "module.test_lambda.aws_lambda_function.this",
          "status": "pass"
        }
      ]
    },
    {
      "object_kind": "resource",
      "config_addr": "module.test_api_gateway_lambda.aws_api_gateway_method_settings.all",
      "status": "pass",
      "objects": [
        {
          "object_addr": "module.test_api_gateway_lambda.aws_api_gateway_method_settings.all[0]",
          "status": "pass"
        }
      ]
    },
    {
      "object_kind": "var",
      "config_addr": "module.test_api_gateway_lambda_kotlin.var.stage",
      "status": "pass",
      "objects": [
        {
          "object_addr": "module.test_api_gateway_lambda_kotlin.var.stage",
          "status": "pass"
        }
      ]
    },
    {
      "object_kind": "var",
      "config_addr": "module.test_lambda_kotlin.var.function_url",
      "status": "unknown",
      "objects": [
        {
          "object_addr": "module.test_lambda_kotlin.var.function_url",
          "status": "unknown"
        }
      ]
    },
    {
      "object_kind": "resource",
      "config_addr": "module.efs.aws_efs_file_system.this",
      "status": "pass",
      "objects": [
        {
          "object_addr": "module.efs.aws_efs_file_system.this",
          "status": "pass"
        }
      ]
    },
    {
      "object_kind": "var",
      "config_addr": "module.test_api_gateway_nlb.var.stage",
      "status": "pass",
      "objects": [
        {
          "object_addr": "module.test_api_gateway_nlb.var.stage",
          "status": "pass"
        }
      ]
    },
    {
      "object_kind": "var",
      "config_addr": "module.test_api_gateway_lambda_kotlin.var.authorization",
      "status": "pass",
      "objects": [
        {
          "object_addr": "module.test_api_gateway_lambda_kotlin.var.authorization",
          "status": "pass"
        }
      ]
    },
    {
      "object_kind": "var",
      "config_addr": "module.test_api_gateway_lambda.var.authorization",
      "status": "pass",
      "objects": [
        {
          "object_addr": "module.test_api_gateway_lambda.var.authorization",
          "status": "pass"
        }
      ]
    },
    {
      "object_kind": "var",
      "config_addr": "module.efs.var.performance_mode",
      "status": "pass",
      "objects": [
        {
          "object_addr": "module.efs.var.performance_mode",
          "status": "pass"
        }
      ]
    },
    {
      "object_kind": "var",
      "config_addr": "module.test_api_gateway_lambda_kotlin.var.endpoint_type",
      "status": "pass",
      "objects": [
        {
          "object_addr": "module.test_api_gateway_lambda_kotlin.var.endpoint_type",
          "status": "pass"
        }
      ]
    },
    {
      "object_kind": "resource",
      "config_addr": "module.mysql_single.aws_db_instance.this",
      "status": "pass",
      "objects": [
        {
          "object_addr": "module.mysql_single.aws_db_instance.this",
          "status": "pass"
        }
      ]
    },
    {
      "object_kind": "resource",
      "config_addr": "module.test_api_gateway_nlb.aws_api_gateway_method_settings.all",
      "status": "pass",
      "objects": [
        {
          "object_addr": "module.test_api_gateway_nlb.aws_api_gateway_method_settings.all[0]",
          "status": "pass"
        }
      ]
    },
    {
      "object_kind": "resource",
      "config_addr": "module.test_api_gateway_lambda_kotlin.aws_api_gateway_method_settings.all",
      "status": "pass",
      "objects": [
        {
          "object_addr": "module.test_api_gateway_lambda_kotlin.aws_api_gateway_method_settings.all[0]",
          "status": "pass"
        }
      ]
    },
    {
      "object_kind": "var",
      "config_addr": "module.test_api_gateway_nlb.var.endpoint_type",
      "status": "pass",
      "objects": [
        {
          "object_addr": "module.test_api_gateway_nlb.var.endpoint_type",
          "status": "pass"
        }
      ]
    },
    {
      "object_kind": "var",
      "config_addr": "module.efs.var.throughput_mode",
      "status": "pass",
      "objects": [
        {
          "object_addr": "module.efs.var.throughput_mode",
          "status": "pass"
        }
      ]
    },
    {
      "object_kind": "resource",
      "config_addr": "module.test_lambda_kotlin.aws_lambda_function.this",
      "status": "pass",
      "objects": [
        {
          "object_addr": "module.test_lambda_kotlin.aws_lambda_function.this",
          "status": "pass"
        }
      ]
    },
    {
      "object_kind": "var",
      "config_addr": "module.test_lambda.var.function_type",
      "status": "pass",
      "objects": [
        {
          "object_addr": "module.test_lambda.var.function_type",
          "status": "pass"
        }
      ]
    },
    {
      "object_kind": "var",
      "config_addr": "module.test_lambda_kotlin.var.function_type",
      "status": "pass",
      "objects": [
        {
          "object_addr": "module.test_lambda_kotlin.var.function_type",
          "status": "pass"
        }
      ]
    },
    {
      "object_kind": "var",
      "config_addr": "module.test_api_gateway_lambda.var.endpoint_type",
      "status": "pass",
      "objects": [
        {
          "object_addr": "module.test_api_gateway_lambda.var.endpoint_type",
          "status": "pass"
        }
      ]
    },
    {
      "object_kind": "var",
      "config_addr": "module.test_api_gateway_nlb.var.integration_type",
      "status": "pass",
      "objects": [
        {
          "object_addr": "module.test_api_gateway_nlb.var.integration_type",
          "status": "pass"
        }
      ]
    },
    {
      "object_kind": "var",
      "config_addr": "module.efs.var.lifecycle_policy",
      "status": "pass",
      "objects": [
        {
          "object_addr": "module.efs.var.lifecycle_policy",
          "status": "pass"
        }
      ]
    },
    {
      "object_kind": "var",
      "config_addr": "module.test_api_gateway_lambda_kotlin.var.integration_type",
      "status": "pass",
      "objects": [
        {
          "object_addr": "module.test_api_gateway_lambda_kotlin.var.integration_type",
          "status": "pass"
        }
      ]
    },
    {
      "object_kind": "var",
      "config_addr": "module.test_api_gateway_lambda.var.stage",
      "status": "pass",
      "objects": [
        {
          "object_addr": "module.test_api_gateway_lambda.var.stage",
          "status": "pass"
        }
      ]
    }
  ]
}
